// !$*UTF8*$!
{
	archiveVersion = 1;
	classes = {
	};
	objectVersion = 46;
	objects = {

/* Begin PBXBuildFile section */
		0D37E8CD18A0048E0052346C /* ReviewCustomCell.m in Sources */ = {isa = PBXBuildFile; fileRef = 0D37E8CC18A0048E0052346C /* ReviewCustomCell.m */; };
		0D37E8CF18A004A90052346C /* ReviewCustomCell.xib in Resources */ = {isa = PBXBuildFile; fileRef = 0D37E8CE18A004A90052346C /* ReviewCustomCell.xib */; };
		0D37E8D218A004D50052346C /* SocialCustomCell.m in Sources */ = {isa = PBXBuildFile; fileRef = 0D37E8D118A004D50052346C /* SocialCustomCell.m */; };
		0D37E8D418A0050A0052346C /* SocialCustomCell.xib in Resources */ = {isa = PBXBuildFile; fileRef = 0D37E8D318A0050A0052346C /* SocialCustomCell.xib */; };
		0D37E8E118A0325A0052346C /* arrow@2x.png in Resources */ = {isa = PBXBuildFile; fileRef = 0D37E8D618A0325A0052346C /* arrow@2x.png */; };
		0D37E8E218A0325A0052346C /* divider@2x.png in Resources */ = {isa = PBXBuildFile; fileRef = 0D37E8D718A0325A0052346C /* divider@2x.png */; };
		0D37E8E318A0325A0052346C /* facebook_icon@2x.png in Resources */ = {isa = PBXBuildFile; fileRef = 0D37E8D818A0325A0052346C /* facebook_icon@2x.png */; };
		0D37E8E418A0325A0052346C /* google_plus_icon@2x.png in Resources */ = {isa = PBXBuildFile; fileRef = 0D37E8D918A0325A0052346C /* google_plus_icon@2x.png */; };
		0D37E8E518A0325A0052346C /* heading_bg@2x.png in Resources */ = {isa = PBXBuildFile; fileRef = 0D37E8DA18A0325A0052346C /* heading_bg@2x.png */; };
		0D37E8E618A0325A0052346C /* slider_bg@2x.png in Resources */ = {isa = PBXBuildFile; fileRef = 0D37E8DB18A0325A0052346C /* slider_bg@2x.png */; };
		0D37E8E718A0325A0052346C /* slider_pt@2x.png in Resources */ = {isa = PBXBuildFile; fileRef = 0D37E8DC18A0325A0052346C /* slider_pt@2x.png */; };
		0D37E8E818A0325A0052346C /* twitter_icon@2x.png in Resources */ = {isa = PBXBuildFile; fileRef = 0D37E8DD18A0325A0052346C /* twitter_icon@2x.png */; };
		0D37E8E918A0325A0052346C /* yahoo_icon@2x.png in Resources */ = {isa = PBXBuildFile; fileRef = 0D37E8DE18A0325A0052346C /* yahoo_icon@2x.png */; };
		0D37E8EA18A0325A0052346C /* yello_pages_icon@2x.png in Resources */ = {isa = PBXBuildFile; fileRef = 0D37E8DF18A0325A0052346C /* yello_pages_icon@2x.png */; };
		0D37E8EB18A0325A0052346C /* yelp_icon@2x.png in Resources */ = {isa = PBXBuildFile; fileRef = 0D37E8E018A0325A0052346C /* yelp_icon@2x.png */; };
		0D37E8ED18A034D80052346C /* QuartzCore.framework in Frameworks */ = {isa = PBXBuildFile; fileRef = 0D37E8EC18A034D80052346C /* QuartzCore.framework */; };
		0D37E8F118A043990052346C /* CustomTabBarView.m in Sources */ = {isa = PBXBuildFile; fileRef = 0D37E8EF18A043990052346C /* CustomTabBarView.m */; };
		0D37E8F218A043990052346C /* CustomTabBarView.xib in Resources */ = {isa = PBXBuildFile; fileRef = 0D37E8F018A043990052346C /* CustomTabBarView.xib */; };
		0D37E8F418A044C40052346C /* social_sel@2x.png in Resources */ = {isa = PBXBuildFile; fileRef = 0D37E8F318A044C40052346C /* social_sel@2x.png */; };
		0D37E8F818A051060052346C /* arrow_big@2x.png in Resources */ = {isa = PBXBuildFile; fileRef = 0D37E8F518A051060052346C /* arrow_big@2x.png */; };
		0D37E8F918A051060052346C /* slider_bg_score@2x.png in Resources */ = {isa = PBXBuildFile; fileRef = 0D37E8F618A051060052346C /* slider_bg_score@2x.png */; };
		0D37E8FA18A051060052346C /* slider_score@2x.png in Resources */ = {isa = PBXBuildFile; fileRef = 0D37E8F718A051060052346C /* slider_score@2x.png */; };
		0D37E8FC18A054090052346C /* left_arrow@2x.png in Resources */ = {isa = PBXBuildFile; fileRef = 0D37E8FB18A054090052346C /* left_arrow@2x.png */; };
		0D37E90418A058AD0052346C /* length@2x.png in Resources */ = {isa = PBXBuildFile; fileRef = 0D37E8FE18A058AD0052346C /* length@2x.png */; };
		0D37E90518A058AD0052346C /* recent@2x.png in Resources */ = {isa = PBXBuildFile; fileRef = 0D37E8FF18A058AD0052346C /* recent@2x.png */; };
		0D37E90618A058AD0052346C /* speed@2x.png in Resources */ = {isa = PBXBuildFile; fileRef = 0D37E90018A058AD0052346C /* speed@2x.png */; };
		0D37E90718A058AD0052346C /* visibility@2x.png in Resources */ = {isa = PBXBuildFile; fileRef = 0D37E90118A058AD0052346C /* visibility@2x.png */; };
		0D37E90818A058AD0052346C /* volume@2x.png in Resources */ = {isa = PBXBuildFile; fileRef = 0D37E90218A058AD0052346C /* volume@2x.png */; };
		0D37E90918A058AD0052346C /* weight@2x.png in Resources */ = {isa = PBXBuildFile; fileRef = 0D37E90318A058AD0052346C /* weight@2x.png */; };
		0D37E90C18A05AAB0052346C /* score_black@2x.png in Resources */ = {isa = PBXBuildFile; fileRef = 0D37E90A18A05AAB0052346C /* score_black@2x.png */; };
		0D37E90D18A05AAB0052346C /* scoreUpArrow@2x.png in Resources */ = {isa = PBXBuildFile; fileRef = 0D37E90B18A05AAB0052346C /* scoreUpArrow@2x.png */; };
		0D37E90F18A0625F0052346C /* NavBar@2x.png in Resources */ = {isa = PBXBuildFile; fileRef = 0D37E90E18A0625F0052346C /* NavBar@2x.png */; };
		0D37E91418A0647C0052346C /* help@x.png in Resources */ = {isa = PBXBuildFile; fileRef = 0D37E91018A0647C0052346C /* help@x.png */; };
		0D37E91518A0647C0052346C /* rate@2x.png in Resources */ = {isa = PBXBuildFile; fileRef = 0D37E91118A0647C0052346C /* rate@2x.png */; };
		0D37E91618A0647C0052346C /* settings@2x.png in Resources */ = {isa = PBXBuildFile; fileRef = 0D37E91218A0647C0052346C /* settings@2x.png */; };
		0D37E91718A0647C0052346C /* Slide_viewBg@2x.png in Resources */ = {isa = PBXBuildFile; fileRef = 0D37E91318A0647C0052346C /* Slide_viewBg@2x.png */; };
		0D37E91918A06FA40052346C /* Separator@2x copy.png in Resources */ = {isa = PBXBuildFile; fileRef = 0D37E91818A06FA40052346C /* Separator@2x copy.png */; };
		0D37E91B18A06FEA0052346C /* Separator@2x.png in Resources */ = {isa = PBXBuildFile; fileRef = 0D37E91A18A06FEA0052346C /* Separator@2x.png */; };
		0D37E92518A07F500052346C /* dashboard@2x.png in Resources */ = {isa = PBXBuildFile; fileRef = 0D37E91D18A07F4F0052346C /* dashboard@2x.png */; };
		0D37E92618A07F500052346C /* dashboard_sel@2x.png in Resources */ = {isa = PBXBuildFile; fileRef = 0D37E91E18A07F4F0052346C /* dashboard_sel@2x.png */; };
		0D37E92718A07F500052346C /* reviews@2x.png in Resources */ = {isa = PBXBuildFile; fileRef = 0D37E91F18A07F4F0052346C /* reviews@2x.png */; };
		0D37E92818A07F500052346C /* reviews_sel@2x.png in Resources */ = {isa = PBXBuildFile; fileRef = 0D37E92018A07F4F0052346C /* reviews_sel@2x.png */; };
		0D37E92918A07F500052346C /* score@2x.png in Resources */ = {isa = PBXBuildFile; fileRef = 0D37E92118A07F4F0052346C /* score@2x.png */; };
		0D37E92A18A07F500052346C /* score_sel@2x.png in Resources */ = {isa = PBXBuildFile; fileRef = 0D37E92218A07F4F0052346C /* score_sel@2x.png */; };
		0D37E92B18A07F500052346C /* social@2x.png in Resources */ = {isa = PBXBuildFile; fileRef = 0D37E92318A07F500052346C /* social@2x.png */; };
		0D37E92C18A07F500052346C /* social_sel@2x.png in Resources */ = {isa = PBXBuildFile; fileRef = 0D37E92418A07F500052346C /* social_sel@2x.png */; };
		0D37E93018A090940052346C /* TourViewController.m in Sources */ = {isa = PBXBuildFile; fileRef = 0D37E92E18A090940052346C /* TourViewController.m */; };
		0D37E93118A090940052346C /* TourViewController.xib in Resources */ = {isa = PBXBuildFile; fileRef = 0D37E92F18A090940052346C /* TourViewController.xib */; };
		0D37E93718A0912D0052346C /* help1@2x.png in Resources */ = {isa = PBXBuildFile; fileRef = 0D37E93318A0912D0052346C /* help1@2x.png */; };
		0D37E93818A0912D0052346C /* help2@2x.png in Resources */ = {isa = PBXBuildFile; fileRef = 0D37E93418A0912D0052346C /* help2@2x.png */; };
		0D37E93918A0912D0052346C /* help3@2x.png in Resources */ = {isa = PBXBuildFile; fileRef = 0D37E93518A0912D0052346C /* help3@2x.png */; };
		0D37E93A18A0912D0052346C /* help4@2x.png in Resources */ = {isa = PBXBuildFile; fileRef = 0D37E93618A0912D0052346C /* help4@2x.png */; };
		0DA1DBC4189C2DE60074A5F0 /* SlideViewController.m in Sources */ = {isa = PBXBuildFile; fileRef = 0DA1DBC3189C2DE60074A5F0 /* SlideViewController.m */; };
		0DA1DBC6189C3B9D0074A5F0 /* SlideViewController.xib in Resources */ = {isa = PBXBuildFile; fileRef = 0DA1DBC5189C3B9D0074A5F0 /* SlideViewController.xib */; };
		0DA1DBC9189C49AA0074A5F0 /* SettingsViewController.m in Sources */ = {isa = PBXBuildFile; fileRef = 0DA1DBC8189C49AA0074A5F0 /* SettingsViewController.m */; };
		0DA1DBD6189C66340074A5F0 /* ECSlidingViewController.m in Sources */ = {isa = PBXBuildFile; fileRef = 0DA1DBD3189C66340074A5F0 /* ECSlidingViewController.m */; };
		0DA1DBD7189C66340074A5F0 /* InitialSlidingViewController.m in Sources */ = {isa = PBXBuildFile; fileRef = 0DA1DBD5189C66340074A5F0 /* InitialSlidingViewController.m */; };
		0DA1DBDB189C77880074A5F0 /* home@2x.png in Resources */ = {isa = PBXBuildFile; fileRef = 0DA1DBD9189C77880074A5F0 /* home@2x.png */; };
		0DA1DBDC189C77880074A5F0 /* list@2x.png in Resources */ = {isa = PBXBuildFile; fileRef = 0DA1DBDA189C77880074A5F0 /* list@2x.png */; };
		0DA1DBE5189C7A090074A5F0 /* icn_tab_dashboard.png in Resources */ = {isa = PBXBuildFile; fileRef = 0DA1DBDD189C7A090074A5F0 /* icn_tab_dashboard.png */; };
		0DA1DBE6189C7A090074A5F0 /* icn_tab_dashboard@2x.png in Resources */ = {isa = PBXBuildFile; fileRef = 0DA1DBDE189C7A090074A5F0 /* icn_tab_dashboard@2x.png */; };
		0DA1DBE7189C7A090074A5F0 /* icn_tab_reviews.png in Resources */ = {isa = PBXBuildFile; fileRef = 0DA1DBDF189C7A090074A5F0 /* icn_tab_reviews.png */; };
		0DA1DBE8189C7A090074A5F0 /* icn_tab_reviews@2x.png in Resources */ = {isa = PBXBuildFile; fileRef = 0DA1DBE0189C7A090074A5F0 /* icn_tab_reviews@2x.png */; };
		0DA1DBE9189C7A090074A5F0 /* icn_tab_score.png in Resources */ = {isa = PBXBuildFile; fileRef = 0DA1DBE1189C7A090074A5F0 /* icn_tab_score.png */; };
		0DA1DBEA189C7A090074A5F0 /* icn_tab_score@2x.png in Resources */ = {isa = PBXBuildFile; fileRef = 0DA1DBE2189C7A090074A5F0 /* icn_tab_score@2x.png */; };
		0DA1DBEB189C7A090074A5F0 /* icn_tab_social.png in Resources */ = {isa = PBXBuildFile; fileRef = 0DA1DBE3189C7A090074A5F0 /* icn_tab_social.png */; };
		0DA1DBEC189C7A090074A5F0 /* icn_tab_social@2x.png in Resources */ = {isa = PBXBuildFile; fileRef = 0DA1DBE4189C7A090074A5F0 /* icn_tab_social@2x.png */; };
		0DA1DBEE189C7EC90074A5F0 /* logo_reputation_iPhone@2x.png in Resources */ = {isa = PBXBuildFile; fileRef = 0DA1DBED189C7EC90074A5F0 /* logo_reputation_iPhone@2x.png */; };
		74C725DC189AE8E4008CD4AF /* Foundation.framework in Frameworks */ = {isa = PBXBuildFile; fileRef = 74C725DB189AE8E4008CD4AF /* Foundation.framework */; };
		74C725DE189AE8E4008CD4AF /* CoreGraphics.framework in Frameworks */ = {isa = PBXBuildFile; fileRef = 74C725DD189AE8E4008CD4AF /* CoreGraphics.framework */; };
		74C725E0189AE8E4008CD4AF /* UIKit.framework in Frameworks */ = {isa = PBXBuildFile; fileRef = 74C725DF189AE8E4008CD4AF /* UIKit.framework */; };
		74C725E6189AE8E4008CD4AF /* InfoPlist.strings in Resources */ = {isa = PBXBuildFile; fileRef = 74C725E4189AE8E4008CD4AF /* InfoPlist.strings */; };
		74C725E8189AE8E4008CD4AF /* main.m in Sources */ = {isa = PBXBuildFile; fileRef = 74C725E7189AE8E4008CD4AF /* main.m */; };
		74C725EC189AE8E4008CD4AF /* AppDelegate.m in Sources */ = {isa = PBXBuildFile; fileRef = 74C725EB189AE8E4008CD4AF /* AppDelegate.m */; };
		74C725EF189AE8E4008CD4AF /* Main_iPhone.storyboard in Resources */ = {isa = PBXBuildFile; fileRef = 74C725ED189AE8E4008CD4AF /* Main_iPhone.storyboard */; };
		74C725F2189AE8E4008CD4AF /* Main_iPad.storyboard in Resources */ = {isa = PBXBuildFile; fileRef = 74C725F0189AE8E4008CD4AF /* Main_iPad.storyboard */; };
		74C725F5189AE8E4008CD4AF /* ViewController.m in Sources */ = {isa = PBXBuildFile; fileRef = 74C725F4189AE8E4008CD4AF /* ViewController.m */; };
		74C725F7189AE8E4008CD4AF /* Images.xcassets in Resources */ = {isa = PBXBuildFile; fileRef = 74C725F6189AE8E4008CD4AF /* Images.xcassets */; };
		74C725FE189AE8E5008CD4AF /* XCTest.framework in Frameworks */ = {isa = PBXBuildFile; fileRef = 74C725FD189AE8E5008CD4AF /* XCTest.framework */; };
		74C725FF189AE8E5008CD4AF /* Foundation.framework in Frameworks */ = {isa = PBXBuildFile; fileRef = 74C725DB189AE8E4008CD4AF /* Foundation.framework */; };
		74C72600189AE8E5008CD4AF /* UIKit.framework in Frameworks */ = {isa = PBXBuildFile; fileRef = 74C725DF189AE8E4008CD4AF /* UIKit.framework */; };
		74C72608189AE8E5008CD4AF /* InfoPlist.strings in Resources */ = {isa = PBXBuildFile; fileRef = 74C72606189AE8E5008CD4AF /* InfoPlist.strings */; };
		74C7260A189AE8E5008CD4AF /* ReputationTests.m in Sources */ = {isa = PBXBuildFile; fileRef = 74C72609189AE8E5008CD4AF /* ReputationTests.m */; };
		74C7261D189B083F008CD4AF /* TabBarControllerClass.m in Sources */ = {isa = PBXBuildFile; fileRef = 74C7261C189B083F008CD4AF /* TabBarControllerClass.m */; };
		74C72620189B0936008CD4AF /* DashBoardController.m in Sources */ = {isa = PBXBuildFile; fileRef = 74C7261F189B0936008CD4AF /* DashBoardController.m */; };
		74C72623189B0968008CD4AF /* ReviewsController.m in Sources */ = {isa = PBXBuildFile; fileRef = 74C72622189B0968008CD4AF /* ReviewsController.m */; };
		74C72626189B0C58008CD4AF /* SocialController.m in Sources */ = {isa = PBXBuildFile; fileRef = 74C72625189B0C58008CD4AF /* SocialController.m */; };
		74C72629189B0C6A008CD4AF /* ScoreController.m in Sources */ = {isa = PBXBuildFile; fileRef = 74C72628189B0C6A008CD4AF /* ScoreController.m */; };
		74C7262C189B11EE008CD4AF /* CustomNavigation.m in Sources */ = {isa = PBXBuildFile; fileRef = 74C7262B189B11EE008CD4AF /* CustomNavigation.m */; };
/* End PBXBuildFile section */

/* Begin PBXContainerItemProxy section */
		74C72601189AE8E5008CD4AF /* PBXContainerItemProxy */ = {
			isa = PBXContainerItemProxy;
			containerPortal = 74C725D0189AE8E4008CD4AF /* Project object */;
			proxyType = 1;
			remoteGlobalIDString = 74C725D7189AE8E4008CD4AF;
			remoteInfo = Reputation;
		};
/* End PBXContainerItemProxy section */

/* Begin PBXFileReference section */
		0D37E8CB18A0048E0052346C /* ReviewCustomCell.h */ = {isa = PBXFileReference; fileEncoding = 4; lastKnownFileType = sourcecode.c.h; path = ReviewCustomCell.h; sourceTree = "<group>"; };
		0D37E8CC18A0048E0052346C /* ReviewCustomCell.m */ = {isa = PBXFileReference; fileEncoding = 4; lastKnownFileType = sourcecode.c.objc; path = ReviewCustomCell.m; sourceTree = "<group>"; };
		0D37E8CE18A004A90052346C /* ReviewCustomCell.xib */ = {isa = PBXFileReference; fileEncoding = 4; lastKnownFileType = file.xib; path = ReviewCustomCell.xib; sourceTree = "<group>"; };
		0D37E8D018A004D50052346C /* SocialCustomCell.h */ = {isa = PBXFileReference; fileEncoding = 4; lastKnownFileType = sourcecode.c.h; path = SocialCustomCell.h; sourceTree = "<group>"; };
		0D37E8D118A004D50052346C /* SocialCustomCell.m */ = {isa = PBXFileReference; fileEncoding = 4; lastKnownFileType = sourcecode.c.objc; path = SocialCustomCell.m; sourceTree = "<group>"; };
		0D37E8D318A0050A0052346C /* SocialCustomCell.xib */ = {isa = PBXFileReference; fileEncoding = 4; lastKnownFileType = file.xib; path = SocialCustomCell.xib; sourceTree = "<group>"; };
		0D37E8D618A0325A0052346C /* arrow@2x.png */ = {isa = PBXFileReference; lastKnownFileType = image.png; path = "arrow@2x.png"; sourceTree = "<group>"; };
		0D37E8D718A0325A0052346C /* divider@2x.png */ = {isa = PBXFileReference; lastKnownFileType = image.png; path = "divider@2x.png"; sourceTree = "<group>"; };
		0D37E8D818A0325A0052346C /* facebook_icon@2x.png */ = {isa = PBXFileReference; lastKnownFileType = image.png; path = "facebook_icon@2x.png"; sourceTree = "<group>"; };
		0D37E8D918A0325A0052346C /* google_plus_icon@2x.png */ = {isa = PBXFileReference; lastKnownFileType = image.png; path = "google_plus_icon@2x.png"; sourceTree = "<group>"; };
		0D37E8DA18A0325A0052346C /* heading_bg@2x.png */ = {isa = PBXFileReference; lastKnownFileType = image.png; path = "heading_bg@2x.png"; sourceTree = "<group>"; };
		0D37E8DB18A0325A0052346C /* slider_bg@2x.png */ = {isa = PBXFileReference; lastKnownFileType = image.png; path = "slider_bg@2x.png"; sourceTree = "<group>"; };
		0D37E8DC18A0325A0052346C /* slider_pt@2x.png */ = {isa = PBXFileReference; lastKnownFileType = image.png; path = "slider_pt@2x.png"; sourceTree = "<group>"; };
		0D37E8DD18A0325A0052346C /* twitter_icon@2x.png */ = {isa = PBXFileReference; lastKnownFileType = image.png; path = "twitter_icon@2x.png"; sourceTree = "<group>"; };
		0D37E8DE18A0325A0052346C /* yahoo_icon@2x.png */ = {isa = PBXFileReference; lastKnownFileType = image.png; path = "yahoo_icon@2x.png"; sourceTree = "<group>"; };
		0D37E8DF18A0325A0052346C /* yello_pages_icon@2x.png */ = {isa = PBXFileReference; lastKnownFileType = image.png; path = "yello_pages_icon@2x.png"; sourceTree = "<group>"; };
		0D37E8E018A0325A0052346C /* yelp_icon@2x.png */ = {isa = PBXFileReference; lastKnownFileType = image.png; path = "yelp_icon@2x.png"; sourceTree = "<group>"; };
		0D37E8EC18A034D80052346C /* QuartzCore.framework */ = {isa = PBXFileReference; lastKnownFileType = wrapper.framework; name = QuartzCore.framework; path = System/Library/Frameworks/QuartzCore.framework; sourceTree = SDKROOT; };
		0D37E8EE18A043990052346C /* CustomTabBarView.h */ = {isa = PBXFileReference; fileEncoding = 4; lastKnownFileType = sourcecode.c.h; path = CustomTabBarView.h; sourceTree = "<group>"; };
		0D37E8EF18A043990052346C /* CustomTabBarView.m */ = {isa = PBXFileReference; fileEncoding = 4; lastKnownFileType = sourcecode.c.objc; path = CustomTabBarView.m; sourceTree = "<group>"; };
		0D37E8F018A043990052346C /* CustomTabBarView.xib */ = {isa = PBXFileReference; fileEncoding = 4; lastKnownFileType = file.xib; path = CustomTabBarView.xib; sourceTree = "<group>"; };
		0D37E8F318A044C40052346C /* social_sel@2x.png */ = {isa = PBXFileReference; lastKnownFileType = image.png; path = "social_sel@2x.png"; sourceTree = "<group>"; };
		0D37E8F518A051060052346C /* arrow_big@2x.png */ = {isa = PBXFileReference; lastKnownFileType = image.png; path = "arrow_big@2x.png"; sourceTree = "<group>"; };
		0D37E8F618A051060052346C /* slider_bg_score@2x.png */ = {isa = PBXFileReference; lastKnownFileType = image.png; path = "slider_bg_score@2x.png"; sourceTree = "<group>"; };
		0D37E8F718A051060052346C /* slider_score@2x.png */ = {isa = PBXFileReference; lastKnownFileType = image.png; path = "slider_score@2x.png"; sourceTree = "<group>"; };
		0D37E8FB18A054090052346C /* left_arrow@2x.png */ = {isa = PBXFileReference; lastKnownFileType = image.png; path = "left_arrow@2x.png"; sourceTree = "<group>"; };
		0D37E8FE18A058AD0052346C /* length@2x.png */ = {isa = PBXFileReference; lastKnownFileType = image.png; path = "length@2x.png"; sourceTree = "<group>"; };
		0D37E8FF18A058AD0052346C /* recent@2x.png */ = {isa = PBXFileReference; lastKnownFileType = image.png; path = "recent@2x.png"; sourceTree = "<group>"; };
		0D37E90018A058AD0052346C /* speed@2x.png */ = {isa = PBXFileReference; lastKnownFileType = image.png; path = "speed@2x.png"; sourceTree = "<group>"; };
		0D37E90118A058AD0052346C /* visibility@2x.png */ = {isa = PBXFileReference; lastKnownFileType = image.png; path = "visibility@2x.png"; sourceTree = "<group>"; };
		0D37E90218A058AD0052346C /* volume@2x.png */ = {isa = PBXFileReference; lastKnownFileType = image.png; path = "volume@2x.png"; sourceTree = "<group>"; };
		0D37E90318A058AD0052346C /* weight@2x.png */ = {isa = PBXFileReference; lastKnownFileType = image.png; path = "weight@2x.png"; sourceTree = "<group>"; };
		0D37E90A18A05AAB0052346C /* score_black@2x.png */ = {isa = PBXFileReference; lastKnownFileType = image.png; path = "score_black@2x.png"; sourceTree = "<group>"; };
		0D37E90B18A05AAB0052346C /* scoreUpArrow@2x.png */ = {isa = PBXFileReference; lastKnownFileType = image.png; path = "scoreUpArrow@2x.png"; sourceTree = "<group>"; };
		0D37E90E18A0625F0052346C /* NavBar@2x.png */ = {isa = PBXFileReference; lastKnownFileType = image.png; path = "NavBar@2x.png"; sourceTree = "<group>"; };
		0D37E91018A0647C0052346C /* help@x.png */ = {isa = PBXFileReference; lastKnownFileType = image.png; path = "help@x.png"; sourceTree = "<group>"; };
		0D37E91118A0647C0052346C /* rate@2x.png */ = {isa = PBXFileReference; lastKnownFileType = image.png; path = "rate@2x.png"; sourceTree = "<group>"; };
		0D37E91218A0647C0052346C /* settings@2x.png */ = {isa = PBXFileReference; lastKnownFileType = image.png; path = "settings@2x.png"; sourceTree = "<group>"; };
		0D37E91318A0647C0052346C /* Slide_viewBg@2x.png */ = {isa = PBXFileReference; lastKnownFileType = image.png; path = "Slide_viewBg@2x.png"; sourceTree = "<group>"; };
		0D37E91818A06FA40052346C /* Separator@2x copy.png */ = {isa = PBXFileReference; lastKnownFileType = image.png; path = "Separator@2x copy.png"; sourceTree = "<group>"; };
		0D37E91A18A06FEA0052346C /* Separator@2x.png */ = {isa = PBXFileReference; lastKnownFileType = image.png; path = "Separator@2x.png"; sourceTree = "<group>"; };
		0D37E91D18A07F4F0052346C /* dashboard@2x.png */ = {isa = PBXFileReference; lastKnownFileType = image.png; path = "dashboard@2x.png"; sourceTree = "<group>"; };
		0D37E91E18A07F4F0052346C /* dashboard_sel@2x.png */ = {isa = PBXFileReference; lastKnownFileType = image.png; path = "dashboard_sel@2x.png"; sourceTree = "<group>"; };
		0D37E91F18A07F4F0052346C /* reviews@2x.png */ = {isa = PBXFileReference; lastKnownFileType = image.png; path = "reviews@2x.png"; sourceTree = "<group>"; };
		0D37E92018A07F4F0052346C /* reviews_sel@2x.png */ = {isa = PBXFileReference; lastKnownFileType = image.png; path = "reviews_sel@2x.png"; sourceTree = "<group>"; };
		0D37E92118A07F4F0052346C /* score@2x.png */ = {isa = PBXFileReference; lastKnownFileType = image.png; path = "score@2x.png"; sourceTree = "<group>"; };
		0D37E92218A07F4F0052346C /* score_sel@2x.png */ = {isa = PBXFileReference; lastKnownFileType = image.png; path = "score_sel@2x.png"; sourceTree = "<group>"; };
		0D37E92318A07F500052346C /* social@2x.png */ = {isa = PBXFileReference; lastKnownFileType = image.png; path = "social@2x.png"; sourceTree = "<group>"; };
		0D37E92418A07F500052346C /* social_sel@2x.png */ = {isa = PBXFileReference; lastKnownFileType = image.png; path = "social_sel@2x.png"; sourceTree = "<group>"; };
		0D37E92D18A090940052346C /* TourViewController.h */ = {isa = PBXFileReference; fileEncoding = 4; lastKnownFileType = sourcecode.c.h; path = TourViewController.h; sourceTree = "<group>"; };
		0D37E92E18A090940052346C /* TourViewController.m */ = {isa = PBXFileReference; fileEncoding = 4; lastKnownFileType = sourcecode.c.objc; path = TourViewController.m; sourceTree = "<group>"; };
		0D37E92F18A090940052346C /* TourViewController.xib */ = {isa = PBXFileReference; fileEncoding = 4; lastKnownFileType = file.xib; path = TourViewController.xib; sourceTree = "<group>"; };
		0D37E93318A0912D0052346C /* help1@2x.png */ = {isa = PBXFileReference; lastKnownFileType = image.png; path = "help1@2x.png"; sourceTree = "<group>"; };
		0D37E93418A0912D0052346C /* help2@2x.png */ = {isa = PBXFileReference; lastKnownFileType = image.png; path = "help2@2x.png"; sourceTree = "<group>"; };
		0D37E93518A0912D0052346C /* help3@2x.png */ = {isa = PBXFileReference; lastKnownFileType = image.png; path = "help3@2x.png"; sourceTree = "<group>"; };
		0D37E93618A0912D0052346C /* help4@2x.png */ = {isa = PBXFileReference; lastKnownFileType = image.png; path = "help4@2x.png"; sourceTree = "<group>"; };
		0DA1DBC2189C2DE60074A5F0 /* SlideViewController.h */ = {isa = PBXFileReference; fileEncoding = 4; lastKnownFileType = sourcecode.c.h; path = SlideViewController.h; sourceTree = "<group>"; };
		0DA1DBC3189C2DE60074A5F0 /* SlideViewController.m */ = {isa = PBXFileReference; fileEncoding = 4; lastKnownFileType = sourcecode.c.objc; path = SlideViewController.m; sourceTree = "<group>"; };
		0DA1DBC5189C3B9D0074A5F0 /* SlideViewController.xib */ = {isa = PBXFileReference; fileEncoding = 4; lastKnownFileType = file.xib; path = SlideViewController.xib; sourceTree = "<group>"; };
		0DA1DBC7189C49AA0074A5F0 /* SettingsViewController.h */ = {isa = PBXFileReference; fileEncoding = 4; lastKnownFileType = sourcecode.c.h; path = SettingsViewController.h; sourceTree = "<group>"; };
		0DA1DBC8189C49AA0074A5F0 /* SettingsViewController.m */ = {isa = PBXFileReference; fileEncoding = 4; lastKnownFileType = sourcecode.c.objc; path = SettingsViewController.m; sourceTree = "<group>"; };
		0DA1DBD2189C66340074A5F0 /* ECSlidingViewController.h */ = {isa = PBXFileReference; fileEncoding = 4; lastKnownFileType = sourcecode.c.h; path = ECSlidingViewController.h; sourceTree = "<group>"; };
		0DA1DBD3189C66340074A5F0 /* ECSlidingViewController.m */ = {isa = PBXFileReference; fileEncoding = 4; lastKnownFileType = sourcecode.c.objc; path = ECSlidingViewController.m; sourceTree = "<group>"; };
		0DA1DBD4189C66340074A5F0 /* InitialSlidingViewController.h */ = {isa = PBXFileReference; fileEncoding = 4; lastKnownFileType = sourcecode.c.h; path = InitialSlidingViewController.h; sourceTree = "<group>"; };
		0DA1DBD5189C66340074A5F0 /* InitialSlidingViewController.m */ = {isa = PBXFileReference; fileEncoding = 4; lastKnownFileType = sourcecode.c.objc; path = InitialSlidingViewController.m; sourceTree = "<group>"; };
		0DA1DBD9189C77880074A5F0 /* home@2x.png */ = {isa = PBXFileReference; lastKnownFileType = image.png; path = "home@2x.png"; sourceTree = "<group>"; };
		0DA1DBDA189C77880074A5F0 /* list@2x.png */ = {isa = PBXFileReference; lastKnownFileType = image.png; path = "list@2x.png"; sourceTree = "<group>"; };
		0DA1DBDD189C7A090074A5F0 /* icn_tab_dashboard.png */ = {isa = PBXFileReference; lastKnownFileType = image.png; path = icn_tab_dashboard.png; sourceTree = "<group>"; };
		0DA1DBDE189C7A090074A5F0 /* icn_tab_dashboard@2x.png */ = {isa = PBXFileReference; lastKnownFileType = image.png; path = "icn_tab_dashboard@2x.png"; sourceTree = "<group>"; };
		0DA1DBDF189C7A090074A5F0 /* icn_tab_reviews.png */ = {isa = PBXFileReference; lastKnownFileType = image.png; path = icn_tab_reviews.png; sourceTree = "<group>"; };
		0DA1DBE0189C7A090074A5F0 /* icn_tab_reviews@2x.png */ = {isa = PBXFileReference; lastKnownFileType = image.png; path = "icn_tab_reviews@2x.png"; sourceTree = "<group>"; };
		0DA1DBE1189C7A090074A5F0 /* icn_tab_score.png */ = {isa = PBXFileReference; lastKnownFileType = image.png; path = icn_tab_score.png; sourceTree = "<group>"; };
		0DA1DBE2189C7A090074A5F0 /* icn_tab_score@2x.png */ = {isa = PBXFileReference; lastKnownFileType = image.png; path = "icn_tab_score@2x.png"; sourceTree = "<group>"; };
		0DA1DBE3189C7A090074A5F0 /* icn_tab_social.png */ = {isa = PBXFileReference; lastKnownFileType = image.png; path = icn_tab_social.png; sourceTree = "<group>"; };
		0DA1DBE4189C7A090074A5F0 /* icn_tab_social@2x.png */ = {isa = PBXFileReference; lastKnownFileType = image.png; path = "icn_tab_social@2x.png"; sourceTree = "<group>"; };
		0DA1DBED189C7EC90074A5F0 /* logo_reputation_iPhone@2x.png */ = {isa = PBXFileReference; lastKnownFileType = image.png; path = "logo_reputation_iPhone@2x.png"; sourceTree = "<group>"; };
		74C725D8189AE8E4008CD4AF /* Reputation.app */ = {isa = PBXFileReference; explicitFileType = wrapper.application; includeInIndex = 0; path = Reputation.app; sourceTree = BUILT_PRODUCTS_DIR; };
		74C725DB189AE8E4008CD4AF /* Foundation.framework */ = {isa = PBXFileReference; lastKnownFileType = wrapper.framework; name = Foundation.framework; path = System/Library/Frameworks/Foundation.framework; sourceTree = SDKROOT; };
		74C725DD189AE8E4008CD4AF /* CoreGraphics.framework */ = {isa = PBXFileReference; lastKnownFileType = wrapper.framework; name = CoreGraphics.framework; path = System/Library/Frameworks/CoreGraphics.framework; sourceTree = SDKROOT; };
		74C725DF189AE8E4008CD4AF /* UIKit.framework */ = {isa = PBXFileReference; lastKnownFileType = wrapper.framework; name = UIKit.framework; path = System/Library/Frameworks/UIKit.framework; sourceTree = SDKROOT; };
		74C725E3189AE8E4008CD4AF /* Reputation-Info.plist */ = {isa = PBXFileReference; lastKnownFileType = text.plist.xml; path = "Reputation-Info.plist"; sourceTree = "<group>"; };
		74C725E5189AE8E4008CD4AF /* en */ = {isa = PBXFileReference; lastKnownFileType = text.plist.strings; name = en; path = en.lproj/InfoPlist.strings; sourceTree = "<group>"; };
		74C725E7189AE8E4008CD4AF /* main.m */ = {isa = PBXFileReference; lastKnownFileType = sourcecode.c.objc; path = main.m; sourceTree = "<group>"; };
		74C725E9189AE8E4008CD4AF /* Reputation-Prefix.pch */ = {isa = PBXFileReference; lastKnownFileType = sourcecode.c.h; path = "Reputation-Prefix.pch"; sourceTree = "<group>"; };
		74C725EA189AE8E4008CD4AF /* AppDelegate.h */ = {isa = PBXFileReference; lastKnownFileType = sourcecode.c.h; path = AppDelegate.h; sourceTree = "<group>"; };
		74C725EB189AE8E4008CD4AF /* AppDelegate.m */ = {isa = PBXFileReference; lastKnownFileType = sourcecode.c.objc; path = AppDelegate.m; sourceTree = "<group>"; };
		74C725EE189AE8E4008CD4AF /* Base */ = {isa = PBXFileReference; lastKnownFileType = file.storyboard; name = Base; path = Base.lproj/Main_iPhone.storyboard; sourceTree = "<group>"; };
		74C725F1189AE8E4008CD4AF /* Base */ = {isa = PBXFileReference; lastKnownFileType = file.storyboard; name = Base; path = Base.lproj/Main_iPad.storyboard; sourceTree = "<group>"; };
		74C725F3189AE8E4008CD4AF /* ViewController.h */ = {isa = PBXFileReference; lastKnownFileType = sourcecode.c.h; name = ViewController.h; path = ../ViewController.h; sourceTree = "<group>"; };
		74C725F4189AE8E4008CD4AF /* ViewController.m */ = {isa = PBXFileReference; lastKnownFileType = sourcecode.c.objc; name = ViewController.m; path = ../ViewController.m; sourceTree = "<group>"; };
		74C725F6189AE8E4008CD4AF /* Images.xcassets */ = {isa = PBXFileReference; lastKnownFileType = folder.assetcatalog; path = Images.xcassets; sourceTree = "<group>"; };
		74C725FC189AE8E5008CD4AF /* ReputationTests.xctest */ = {isa = PBXFileReference; explicitFileType = wrapper.cfbundle; includeInIndex = 0; path = ReputationTests.xctest; sourceTree = BUILT_PRODUCTS_DIR; };
		74C725FD189AE8E5008CD4AF /* XCTest.framework */ = {isa = PBXFileReference; lastKnownFileType = wrapper.framework; name = XCTest.framework; path = Library/Frameworks/XCTest.framework; sourceTree = DEVELOPER_DIR; };
		74C72605189AE8E5008CD4AF /* ReputationTests-Info.plist */ = {isa = PBXFileReference; lastKnownFileType = text.plist.xml; path = "ReputationTests-Info.plist"; sourceTree = "<group>"; };
		74C72607189AE8E5008CD4AF /* en */ = {isa = PBXFileReference; lastKnownFileType = text.plist.strings; name = en; path = en.lproj/InfoPlist.strings; sourceTree = "<group>"; };
		74C72609189AE8E5008CD4AF /* ReputationTests.m */ = {isa = PBXFileReference; lastKnownFileType = sourcecode.c.objc; path = ReputationTests.m; sourceTree = "<group>"; };
		74C7261B189B083F008CD4AF /* TabBarControllerClass.h */ = {isa = PBXFileReference; fileEncoding = 4; lastKnownFileType = sourcecode.c.h; path = TabBarControllerClass.h; sourceTree = "<group>"; };
		74C7261C189B083F008CD4AF /* TabBarControllerClass.m */ = {isa = PBXFileReference; fileEncoding = 4; lastKnownFileType = sourcecode.c.objc; path = TabBarControllerClass.m; sourceTree = "<group>"; };
		74C7261E189B0936008CD4AF /* DashBoardController.h */ = {isa = PBXFileReference; fileEncoding = 4; lastKnownFileType = sourcecode.c.h; path = DashBoardController.h; sourceTree = "<group>"; };
		74C7261F189B0936008CD4AF /* DashBoardController.m */ = {isa = PBXFileReference; fileEncoding = 4; lastKnownFileType = sourcecode.c.objc; path = DashBoardController.m; sourceTree = "<group>"; };
		74C72621189B0968008CD4AF /* ReviewsController.h */ = {isa = PBXFileReference; fileEncoding = 4; lastKnownFileType = sourcecode.c.h; path = ReviewsController.h; sourceTree = "<group>"; };
		74C72622189B0968008CD4AF /* ReviewsController.m */ = {isa = PBXFileReference; fileEncoding = 4; lastKnownFileType = sourcecode.c.objc; path = ReviewsController.m; sourceTree = "<group>"; };
		74C72624189B0C58008CD4AF /* SocialController.h */ = {isa = PBXFileReference; fileEncoding = 4; lastKnownFileType = sourcecode.c.h; path = SocialController.h; sourceTree = "<group>"; };
		74C72625189B0C58008CD4AF /* SocialController.m */ = {isa = PBXFileReference; fileEncoding = 4; lastKnownFileType = sourcecode.c.objc; path = SocialController.m; sourceTree = "<group>"; };
		74C72627189B0C6A008CD4AF /* ScoreController.h */ = {isa = PBXFileReference; fileEncoding = 4; lastKnownFileType = sourcecode.c.h; path = ScoreController.h; sourceTree = "<group>"; };
		74C72628189B0C6A008CD4AF /* ScoreController.m */ = {isa = PBXFileReference; fileEncoding = 4; lastKnownFileType = sourcecode.c.objc; path = ScoreController.m; sourceTree = "<group>"; };
		74C7262A189B11EE008CD4AF /* CustomNavigation.h */ = {isa = PBXFileReference; fileEncoding = 4; lastKnownFileType = sourcecode.c.h; path = CustomNavigation.h; sourceTree = "<group>"; };
		74C7262B189B11EE008CD4AF /* CustomNavigation.m */ = {isa = PBXFileReference; fileEncoding = 4; lastKnownFileType = sourcecode.c.objc; path = CustomNavigation.m; sourceTree = "<group>"; };
/* End PBXFileReference section */

/* Begin PBXFrameworksBuildPhase section */
		74C725D5189AE8E4008CD4AF /* Frameworks */ = {
			isa = PBXFrameworksBuildPhase;
			buildActionMask = 2147483647;
			files = (
				0D37E8ED18A034D80052346C /* QuartzCore.framework in Frameworks */,
				74C725DE189AE8E4008CD4AF /* CoreGraphics.framework in Frameworks */,
				74C725E0189AE8E4008CD4AF /* UIKit.framework in Frameworks */,
				74C725DC189AE8E4008CD4AF /* Foundation.framework in Frameworks */,
			);
			runOnlyForDeploymentPostprocessing = 0;
		};
		74C725F9189AE8E5008CD4AF /* Frameworks */ = {
			isa = PBXFrameworksBuildPhase;
			buildActionMask = 2147483647;
			files = (
				74C725FE189AE8E5008CD4AF /* XCTest.framework in Frameworks */,
				74C72600189AE8E5008CD4AF /* UIKit.framework in Frameworks */,
				74C725FF189AE8E5008CD4AF /* Foundation.framework in Frameworks */,
			);
			runOnlyForDeploymentPostprocessing = 0;
		};
/* End PBXFrameworksBuildPhase section */

/* Begin PBXGroup section */
		0D37E8C818A003950052346C /* New Group */ = {
			isa = PBXGroup;
			children = (
				74C725E1189AE8E4008CD4AF /* Reputation */,
			);
			name = "New Group";
			sourceTree = "<group>";
		};
		0D37E8CA18A003DB0052346C /* CustomCell */ = {
			isa = PBXGroup;
			children = (
				0D37E8CB18A0048E0052346C /* ReviewCustomCell.h */,
				0D37E8CC18A0048E0052346C /* ReviewCustomCell.m */,
				0D37E8CE18A004A90052346C /* ReviewCustomCell.xib */,
				0D37E8D018A004D50052346C /* SocialCustomCell.h */,
				0D37E8D118A004D50052346C /* SocialCustomCell.m */,
				0D37E8D318A0050A0052346C /* SocialCustomCell.xib */,
			);
			path = CustomCell;
			sourceTree = "<group>";
		};
		0D37E8D518A0325A0052346C /* IconImages */ = {
			isa = PBXGroup;
			children = (
				0D37E8D618A0325A0052346C /* arrow@2x.png */,
				0D37E8D718A0325A0052346C /* divider@2x.png */,
				0D37E8D818A0325A0052346C /* facebook_icon@2x.png */,
				0D37E8D918A0325A0052346C /* google_plus_icon@2x.png */,
				0D37E8DA18A0325A0052346C /* heading_bg@2x.png */,
				0D37E8DB18A0325A0052346C /* slider_bg@2x.png */,
				0D37E8DC18A0325A0052346C /* slider_pt@2x.png */,
				0D37E8DD18A0325A0052346C /* twitter_icon@2x.png */,
				0D37E8DE18A0325A0052346C /* yahoo_icon@2x.png */,
				0D37E8DF18A0325A0052346C /* yello_pages_icon@2x.png */,
				0D37E8E018A0325A0052346C /* yelp_icon@2x.png */,
				0D37E8F518A051060052346C /* arrow_big@2x.png */,
				0D37E8F618A051060052346C /* slider_bg_score@2x.png */,
				0D37E8F718A051060052346C /* slider_score@2x.png */,
				0D37E8FB18A054090052346C /* left_arrow@2x.png */,
				0D37E90A18A05AAB0052346C /* score_black@2x.png */,
				0D37E90B18A05AAB0052346C /* scoreUpArrow@2x.png */,
				0D37E90E18A0625F0052346C /* NavBar@2x.png */,
				0D37E91018A0647C0052346C /* help@x.png */,
				0D37E91118A0647C0052346C /* rate@2x.png */,
				0D37E91218A0647C0052346C /* settings@2x.png */,
				0D37E91318A0647C0052346C /* Slide_viewBg@2x.png */,
				0D37E91818A06FA40052346C /* Separator@2x copy.png */,
				0D37E91A18A06FEA0052346C /* Separator@2x.png */,
				0D37E93218A0912D0052346C /* Intro */,
				0D37E8FD18A058AD0052346C /* tempImages */,
			);
			path = IconImages;
			sourceTree = "<group>";
		};
		0D37E8FD18A058AD0052346C /* tempImages */ = {
			isa = PBXGroup;
			children = (
				0D37E8FE18A058AD0052346C /* length@2x.png */,
				0D37E8FF18A058AD0052346C /* recent@2x.png */,
				0D37E90018A058AD0052346C /* speed@2x.png */,
				0D37E90118A058AD0052346C /* visibility@2x.png */,
				0D37E90218A058AD0052346C /* volume@2x.png */,
				0D37E90318A058AD0052346C /* weight@2x.png */,
			);
			path = tempImages;
			sourceTree = "<group>";
		};
		0D37E91C18A07F4F0052346C /* Bottom Bar */ = {
			isa = PBXGroup;
			children = (
				0D37E91D18A07F4F0052346C /* dashboard@2x.png */,
				0D37E91E18A07F4F0052346C /* dashboard_sel@2x.png */,
				0D37E91F18A07F4F0052346C /* reviews@2x.png */,
				0D37E92018A07F4F0052346C /* reviews_sel@2x.png */,
				0D37E92118A07F4F0052346C /* score@2x.png */,
				0D37E92218A07F4F0052346C /* score_sel@2x.png */,
				0D37E92318A07F500052346C /* social@2x.png */,
				0D37E92418A07F500052346C /* social_sel@2x.png */,
			);
			path = "Bottom Bar";
			sourceTree = "<group>";
		};
		0D37E93218A0912D0052346C /* Intro */ = {
			isa = PBXGroup;
			children = (
				0D37E93318A0912D0052346C /* help1@2x.png */,
				0D37E93418A0912D0052346C /* help2@2x.png */,
				0D37E93518A0912D0052346C /* help3@2x.png */,
				0D37E93618A0912D0052346C /* help4@2x.png */,
			);
			path = Intro;
			sourceTree = "<group>";
		};
		0DA1DBD1189C66150074A5F0 /* Slider */ = {
			isa = PBXGroup;
			children = (
				0DA1DBD2189C66340074A5F0 /* ECSlidingViewController.h */,
				0DA1DBD3189C66340074A5F0 /* ECSlidingViewController.m */,
				0DA1DBD4189C66340074A5F0 /* InitialSlidingViewController.h */,
				0DA1DBD5189C66340074A5F0 /* InitialSlidingViewController.m */,
			);
			name = Slider;
			sourceTree = "<group>";
		};
		0DA1DBD8189C77880074A5F0 /* Images_iPhone */ = {
			isa = PBXGroup;
			children = (
				0DA1DBD9189C77880074A5F0 /* home@2x.png */,
				0D37E8F318A044C40052346C /* social_sel@2x.png */,
				0DA1DBDA189C77880074A5F0 /* list@2x.png */,
				0DA1DBDD189C7A090074A5F0 /* icn_tab_dashboard.png */,
				0DA1DBDE189C7A090074A5F0 /* icn_tab_dashboard@2x.png */,
				0DA1DBDF189C7A090074A5F0 /* icn_tab_reviews.png */,
				0DA1DBE0189C7A090074A5F0 /* icn_tab_reviews@2x.png */,
				0DA1DBE1189C7A090074A5F0 /* icn_tab_score.png */,
				0DA1DBE2189C7A090074A5F0 /* icn_tab_score@2x.png */,
				0DA1DBE3189C7A090074A5F0 /* icn_tab_social.png */,
				0DA1DBE4189C7A090074A5F0 /* icn_tab_social@2x.png */,
				0DA1DBED189C7EC90074A5F0 /* logo_reputation_iPhone@2x.png */,
				0D37E91C18A07F4F0052346C /* Bottom Bar */,
				0D37E8D518A0325A0052346C /* IconImages */,
			);
			path = Images_iPhone;
			sourceTree = "<group>";
		};
		74C725CF189AE8E4008CD4AF = {
			isa = PBXGroup;
			children = (
				0D37E8C818A003950052346C /* New Group */,
				74C72603189AE8E5008CD4AF /* ReputationTests */,
				74C725DA189AE8E4008CD4AF /* Frameworks */,
				74C725D9189AE8E4008CD4AF /* Products */,
			);
			sourceTree = "<group>";
		};
		74C725D9189AE8E4008CD4AF /* Products */ = {
			isa = PBXGroup;
			children = (
				74C725D8189AE8E4008CD4AF /* Reputation.app */,
				74C725FC189AE8E5008CD4AF /* ReputationTests.xctest */,
			);
			name = Products;
			sourceTree = "<group>";
		};
		74C725DA189AE8E4008CD4AF /* Frameworks */ = {
			isa = PBXGroup;
			children = (
				0D37E8EC18A034D80052346C /* QuartzCore.framework */,
				74C725DB189AE8E4008CD4AF /* Foundation.framework */,
				74C725DD189AE8E4008CD4AF /* CoreGraphics.framework */,
				74C725DF189AE8E4008CD4AF /* UIKit.framework */,
				74C725FD189AE8E5008CD4AF /* XCTest.framework */,
			);
			name = Frameworks;
			sourceTree = "<group>";
		};
		74C725E1189AE8E4008CD4AF /* Reputation */ = {
			isa = PBXGroup;
			children = (
				0D37E8CA18A003DB0052346C /* CustomCell */,
				74C725EA189AE8E4008CD4AF /* AppDelegate.h */,
				74C725EB189AE8E4008CD4AF /* AppDelegate.m */,
				74C725ED189AE8E4008CD4AF /* Main_iPhone.storyboard */,
				74C725F0189AE8E4008CD4AF /* Main_iPad.storyboard */,
				0DA1DBD8189C77880074A5F0 /* Images_iPhone */,
				74C7261A189B07D9008CD4AF /* ViewControllerClasses */,
				74C725F6189AE8E4008CD4AF /* Images.xcassets */,
				74C725E2189AE8E4008CD4AF /* Supporting Files */,
			);
			path = Reputation;
			sourceTree = "<group>";
		};
		74C725E2189AE8E4008CD4AF /* Supporting Files */ = {
			isa = PBXGroup;
			children = (
				74C725E3189AE8E4008CD4AF /* Reputation-Info.plist */,
				74C725E4189AE8E4008CD4AF /* InfoPlist.strings */,
				74C725E7189AE8E4008CD4AF /* main.m */,
				74C725E9189AE8E4008CD4AF /* Reputation-Prefix.pch */,
			);
			name = "Supporting Files";
			sourceTree = "<group>";
		};
		74C72603189AE8E5008CD4AF /* ReputationTests */ = {
			isa = PBXGroup;
			children = (
				74C72609189AE8E5008CD4AF /* ReputationTests.m */,
				74C72604189AE8E5008CD4AF /* Supporting Files */,
			);
			path = ReputationTests;
			sourceTree = "<group>";
		};
		74C72604189AE8E5008CD4AF /* Supporting Files */ = {
			isa = PBXGroup;
			children = (
				74C72605189AE8E5008CD4AF /* ReputationTests-Info.plist */,
				74C72606189AE8E5008CD4AF /* InfoPlist.strings */,
			);
			name = "Supporting Files";
			sourceTree = "<group>";
		};
		74C7261A189B07D9008CD4AF /* ViewControllerClasses */ = {
			isa = PBXGroup;
			children = (
				0DA1DBD1189C66150074A5F0 /* Slider */,
				74C725F3189AE8E4008CD4AF /* ViewController.h */,
				74C725F4189AE8E4008CD4AF /* ViewController.m */,
				74C7261B189B083F008CD4AF /* TabBarControllerClass.h */,
				74C7261C189B083F008CD4AF /* TabBarControllerClass.m */,
				74C7261E189B0936008CD4AF /* DashBoardController.h */,
				74C7261F189B0936008CD4AF /* DashBoardController.m */,
				74C72621189B0968008CD4AF /* ReviewsController.h */,
				74C72622189B0968008CD4AF /* ReviewsController.m */,
				74C72624189B0C58008CD4AF /* SocialController.h */,
				74C72625189B0C58008CD4AF /* SocialController.m */,
				74C72627189B0C6A008CD4AF /* ScoreController.h */,
				74C72628189B0C6A008CD4AF /* ScoreController.m */,
				74C7262A189B11EE008CD4AF /* CustomNavigation.h */,
				74C7262B189B11EE008CD4AF /* CustomNavigation.m */,
				0DA1DBC2189C2DE60074A5F0 /* SlideViewController.h */,
				0DA1DBC3189C2DE60074A5F0 /* SlideViewController.m */,
				0DA1DBC5189C3B9D0074A5F0 /* SlideViewController.xib */,
				0DA1DBC7189C49AA0074A5F0 /* SettingsViewController.h */,
				0DA1DBC8189C49AA0074A5F0 /* SettingsViewController.m */,
				0D37E8EE18A043990052346C /* CustomTabBarView.h */,
				0D37E8EF18A043990052346C /* CustomTabBarView.m */,
				0D37E8F018A043990052346C /* CustomTabBarView.xib */,
				0D37E92D18A090940052346C /* TourViewController.h */,
				0D37E92E18A090940052346C /* TourViewController.m */,
				0D37E92F18A090940052346C /* TourViewController.xib */,
			);
			path = ViewControllerClasses;
			sourceTree = "<group>";
		};
/* End PBXGroup section */

/* Begin PBXNativeTarget section */
		74C725D7189AE8E4008CD4AF /* Reputation */ = {
			isa = PBXNativeTarget;
			buildConfigurationList = 74C7260D189AE8E5008CD4AF /* Build configuration list for PBXNativeTarget "Reputation" */;
			buildPhases = (
				74C725D4189AE8E4008CD4AF /* Sources */,
				74C725D5189AE8E4008CD4AF /* Frameworks */,
				74C725D6189AE8E4008CD4AF /* Resources */,
			);
			buildRules = (
			);
			dependencies = (
			);
			name = Reputation;
			productName = Reputation;
			productReference = 74C725D8189AE8E4008CD4AF /* Reputation.app */;
			productType = "com.apple.product-type.application";
		};
		74C725FB189AE8E5008CD4AF /* ReputationTests */ = {
			isa = PBXNativeTarget;
			buildConfigurationList = 74C72610189AE8E5008CD4AF /* Build configuration list for PBXNativeTarget "ReputationTests" */;
			buildPhases = (
				74C725F8189AE8E5008CD4AF /* Sources */,
				74C725F9189AE8E5008CD4AF /* Frameworks */,
				74C725FA189AE8E5008CD4AF /* Resources */,
			);
			buildRules = (
			);
			dependencies = (
				74C72602189AE8E5008CD4AF /* PBXTargetDependency */,
			);
			name = ReputationTests;
			productName = ReputationTests;
			productReference = 74C725FC189AE8E5008CD4AF /* ReputationTests.xctest */;
			productType = "com.apple.product-type.bundle.unit-test";
		};
/* End PBXNativeTarget section */

/* Begin PBXProject section */
		74C725D0189AE8E4008CD4AF /* Project object */ = {
			isa = PBXProject;
			attributes = {
				LastUpgradeCheck = 0500;
				ORGANIZATIONNAME = www;
				TargetAttributes = {
					74C725FB189AE8E5008CD4AF = {
						TestTargetID = 74C725D7189AE8E4008CD4AF;
					};
				};
			};
			buildConfigurationList = 74C725D3189AE8E4008CD4AF /* Build configuration list for PBXProject "Reputation" */;
			compatibilityVersion = "Xcode 3.2";
			developmentRegion = English;
			hasScannedForEncodings = 0;
			knownRegions = (
				en,
				Base,
			);
			mainGroup = 74C725CF189AE8E4008CD4AF;
			productRefGroup = 74C725D9189AE8E4008CD4AF /* Products */;
			projectDirPath = "";
			projectRoot = "";
			targets = (
				74C725D7189AE8E4008CD4AF /* Reputation */,
				74C725FB189AE8E5008CD4AF /* ReputationTests */,
			);
		};
/* End PBXProject section */

/* Begin PBXResourcesBuildPhase section */
		74C725D6189AE8E4008CD4AF /* Resources */ = {
			isa = PBXResourcesBuildPhase;
			buildActionMask = 2147483647;
			files = (
				0D37E90D18A05AAB0052346C /* scoreUpArrow@2x.png in Resources */,
				0D37E90418A058AD0052346C /* length@2x.png in Resources */,
				0D37E8FC18A054090052346C /* left_arrow@2x.png in Resources */,
				0DA1DBE7189C7A090074A5F0 /* icn_tab_reviews.png in Resources */,
				0D37E8F418A044C40052346C /* social_sel@2x.png in Resources */,
				0DA1DBEB189C7A090074A5F0 /* icn_tab_social.png in Resources */,
				0D37E93818A0912D0052346C /* help2@2x.png in Resources */,
				0D37E90918A058AD0052346C /* weight@2x.png in Resources */,
				0DA1DBDC189C77880074A5F0 /* list@2x.png in Resources */,
				0D37E90718A058AD0052346C /* visibility@2x.png in Resources */,
				0D37E8EB18A0325A0052346C /* yelp_icon@2x.png in Resources */,
				0D37E93A18A0912D0052346C /* help4@2x.png in Resources */,
				74C725F2189AE8E4008CD4AF /* Main_iPad.storyboard in Resources */,
				0DA1DBEA189C7A090074A5F0 /* icn_tab_score@2x.png in Resources */,
				0D37E92A18A07F500052346C /* score_sel@2x.png in Resources */,
				0D37E8E718A0325A0052346C /* slider_pt@2x.png in Resources */,
				0D37E92818A07F500052346C /* reviews_sel@2x.png in Resources */,
				0DA1DBE9189C7A090074A5F0 /* icn_tab_score.png in Resources */,
				0D37E8F818A051060052346C /* arrow_big@2x.png in Resources */,
				0D37E8E218A0325A0052346C /* divider@2x.png in Resources */,
				0D37E8EA18A0325A0052346C /* yello_pages_icon@2x.png in Resources */,
				0D37E8FA18A051060052346C /* slider_score@2x.png in Resources */,
				74C725F7189AE8E4008CD4AF /* Images.xcassets in Resources */,
				0D37E91918A06FA40052346C /* Separator@2x copy.png in Resources */,
				0D37E92618A07F500052346C /* dashboard_sel@2x.png in Resources */,
				0D37E8E618A0325A0052346C /* slider_bg@2x.png in Resources */,
				0D37E91718A0647C0052346C /* Slide_viewBg@2x.png in Resources */,
				0D37E90F18A0625F0052346C /* NavBar@2x.png in Resources */,
				0D37E90818A058AD0052346C /* volume@2x.png in Resources */,
				0D37E92718A07F500052346C /* reviews@2x.png in Resources */,
				0D37E91418A0647C0052346C /* help@x.png in Resources */,
				0D37E8E418A0325A0052346C /* google_plus_icon@2x.png in Resources */,
				0D37E8E318A0325A0052346C /* facebook_icon@2x.png in Resources */,
				0D37E90518A058AD0052346C /* recent@2x.png in Resources */,
				0D37E93118A090940052346C /* TourViewController.xib in Resources */,
				0D37E8D418A0050A0052346C /* SocialCustomCell.xib in Resources */,
				0DA1DBEE189C7EC90074A5F0 /* logo_reputation_iPhone@2x.png in Resources */,
				0D37E93718A0912D0052346C /* help1@2x.png in Resources */,
				0D37E8E518A0325A0052346C /* heading_bg@2x.png in Resources */,
				0DA1DBE6189C7A090074A5F0 /* icn_tab_dashboard@2x.png in Resources */,
				0D37E90C18A05AAB0052346C /* score_black@2x.png in Resources */,
				74C725EF189AE8E4008CD4AF /* Main_iPhone.storyboard in Resources */,
				0D37E91B18A06FEA0052346C /* Separator@2x.png in Resources */,
				0DA1DBC6189C3B9D0074A5F0 /* SlideViewController.xib in Resources */,
				0D37E92518A07F500052346C /* dashboard@2x.png in Resources */,
				0D37E8CF18A004A90052346C /* ReviewCustomCell.xib in Resources */,
				74C725E6189AE8E4008CD4AF /* InfoPlist.strings in Resources */,
				0D37E8E118A0325A0052346C /* arrow@2x.png in Resources */,
				0DA1DBDB189C77880074A5F0 /* home@2x.png in Resources */,
				0DA1DBEC189C7A090074A5F0 /* icn_tab_social@2x.png in Resources */,
				0D37E8F918A051060052346C /* slider_bg_score@2x.png in Resources */,
				0D37E91618A0647C0052346C /* settings@2x.png in Resources */,
				0D37E92C18A07F500052346C /* social_sel@2x.png in Resources */,
				0D37E92918A07F500052346C /* score@2x.png in Resources */,
				0D37E8E818A0325A0052346C /* twitter_icon@2x.png in Resources */,
				0D37E91518A0647C0052346C /* rate@2x.png in Resources */,
				0D37E93918A0912D0052346C /* help3@2x.png in Resources */,
				0DA1DBE5189C7A090074A5F0 /* icn_tab_dashboard.png in Resources */,
				0D37E92B18A07F500052346C /* social@2x.png in Resources */,
				0D37E90618A058AD0052346C /* speed@2x.png in Resources */,
				0DA1DBE8189C7A090074A5F0 /* icn_tab_reviews@2x.png in Resources */,
				0D37E8E918A0325A0052346C /* yahoo_icon@2x.png in Resources */,
				0D37E8F218A043990052346C /* CustomTabBarView.xib in Resources */,
			);
			runOnlyForDeploymentPostprocessing = 0;
		};
		74C725FA189AE8E5008CD4AF /* Resources */ = {
			isa = PBXResourcesBuildPhase;
			buildActionMask = 2147483647;
			files = (
				74C72608189AE8E5008CD4AF /* InfoPlist.strings in Resources */,
			);
			runOnlyForDeploymentPostprocessing = 0;
		};
/* End PBXResourcesBuildPhase section */

/* Begin PBXSourcesBuildPhase section */
		74C725D4189AE8E4008CD4AF /* Sources */ = {
			isa = PBXSourcesBuildPhase;
			buildActionMask = 2147483647;
			files = (
				74C72620189B0936008CD4AF /* DashBoardController.m in Sources */,
				74C7261D189B083F008CD4AF /* TabBarControllerClass.m in Sources */,
				0D37E93018A090940052346C /* TourViewController.m in Sources */,
				0DA1DBC4189C2DE60074A5F0 /* SlideViewController.m in Sources */,
				74C72626189B0C58008CD4AF /* SocialController.m in Sources */,
				0DA1DBD7189C66340074A5F0 /* InitialSlidingViewController.m in Sources */,
				74C725F5189AE8E4008CD4AF /* ViewController.m in Sources */,
				0D37E8D218A004D50052346C /* SocialCustomCell.m in Sources */,
				0DA1DBD6189C66340074A5F0 /* ECSlidingViewController.m in Sources */,
				74C72629189B0C6A008CD4AF /* ScoreController.m in Sources */,
				74C7262C189B11EE008CD4AF /* CustomNavigation.m in Sources */,
				74C72623189B0968008CD4AF /* ReviewsController.m in Sources */,
				0DA1DBC9189C49AA0074A5F0 /* SettingsViewController.m in Sources */,
				74C725EC189AE8E4008CD4AF /* AppDelegate.m in Sources */,
				0D37E8CD18A0048E0052346C /* ReviewCustomCell.m in Sources */,
				74C725E8189AE8E4008CD4AF /* main.m in Sources */,
				0D37E8F118A043990052346C /* CustomTabBarView.m in Sources */,
			);
			runOnlyForDeploymentPostprocessing = 0;
		};
		74C725F8189AE8E5008CD4AF /* Sources */ = {
			isa = PBXSourcesBuildPhase;
			buildActionMask = 2147483647;
			files = (
				74C7260A189AE8E5008CD4AF /* ReputationTests.m in Sources */,
			);
			runOnlyForDeploymentPostprocessing = 0;
		};
/* End PBXSourcesBuildPhase section */

/* Begin PBXTargetDependency section */
		74C72602189AE8E5008CD4AF /* PBXTargetDependency */ = {
			isa = PBXTargetDependency;
			target = 74C725D7189AE8E4008CD4AF /* Reputation */;
			targetProxy = 74C72601189AE8E5008CD4AF /* PBXContainerItemProxy */;
		};
/* End PBXTargetDependency section */

/* Begin PBXVariantGroup section */
		74C725E4189AE8E4008CD4AF /* InfoPlist.strings */ = {
			isa = PBXVariantGroup;
			children = (
				74C725E5189AE8E4008CD4AF /* en */,
			);
			name = InfoPlist.strings;
			sourceTree = "<group>";
		};
		74C725ED189AE8E4008CD4AF /* Main_iPhone.storyboard */ = {
			isa = PBXVariantGroup;
			children = (
				74C725EE189AE8E4008CD4AF /* Base */,
			);
			name = Main_iPhone.storyboard;
			sourceTree = "<group>";
		};
		74C725F0189AE8E4008CD4AF /* Main_iPad.storyboard */ = {
			isa = PBXVariantGroup;
			children = (
				74C725F1189AE8E4008CD4AF /* Base */,
			);
			name = Main_iPad.storyboard;
			sourceTree = "<group>";
		};
		74C72606189AE8E5008CD4AF /* InfoPlist.strings */ = {
			isa = PBXVariantGroup;
			children = (
				74C72607189AE8E5008CD4AF /* en */,
			);
			name = InfoPlist.strings;
			sourceTree = "<group>";
		};
/* End PBXVariantGroup section */

/* Begin XCBuildConfiguration section */
		74C7260B189AE8E5008CD4AF /* Debug */ = {
			isa = XCBuildConfiguration;
			buildSettings = {
				ALWAYS_SEARCH_USER_PATHS = NO;
				ARCHS = "$(ARCHS_STANDARD_INCLUDING_64_BIT)";
				CLANG_CXX_LANGUAGE_STANDARD = "gnu++0x";
				CLANG_CXX_LIBRARY = "libc++";
				CLANG_ENABLE_MODULES = YES;
				CLANG_ENABLE_OBJC_ARC = YES;
				CLANG_WARN_BOOL_CONVERSION = YES;
				CLANG_WARN_CONSTANT_CONVERSION = YES;
				CLANG_WARN_DIRECT_OBJC_ISA_USAGE = YES_ERROR;
				CLANG_WARN_EMPTY_BODY = YES;
				CLANG_WARN_ENUM_CONVERSION = YES;
				CLANG_WARN_INT_CONVERSION = YES;
				CLANG_WARN_OBJC_ROOT_CLASS = YES_ERROR;
				CLANG_WARN__DUPLICATE_METHOD_MATCH = YES;
				"CODE_SIGN_IDENTITY[sdk=iphoneos*]" = "iPhone Developer";
				COPY_PHASE_STRIP = NO;
				GCC_C_LANGUAGE_STANDARD = gnu99;
				GCC_DYNAMIC_NO_PIC = NO;
				GCC_OPTIMIZATION_LEVEL = 0;
				GCC_PREPROCESSOR_DEFINITIONS = (
					"DEBUG=1",
					"$(inherited)",
				);
				GCC_SYMBOLS_PRIVATE_EXTERN = NO;
				GCC_WARN_64_TO_32_BIT_CONVERSION = YES;
				GCC_WARN_ABOUT_RETURN_TYPE = YES_ERROR;
				GCC_WARN_UNDECLARED_SELECTOR = YES;
				GCC_WARN_UNINITIALIZED_AUTOS = YES;
				GCC_WARN_UNUSED_FUNCTION = YES;
				GCC_WARN_UNUSED_VARIABLE = YES;
				IPHONEOS_DEPLOYMENT_TARGET = 6.0;
				ONLY_ACTIVE_ARCH = YES;
				SDKROOT = iphoneos;
				TARGETED_DEVICE_FAMILY = "1,2";
			};
			name = Debug;
		};
		74C7260C189AE8E5008CD4AF /* Release */ = {
			isa = XCBuildConfiguration;
			buildSettings = {
				ALWAYS_SEARCH_USER_PATHS = NO;
				ARCHS = "$(ARCHS_STANDARD_INCLUDING_64_BIT)";
				CLANG_CXX_LANGUAGE_STANDARD = "gnu++0x";
				CLANG_CXX_LIBRARY = "libc++";
				CLANG_ENABLE_MODULES = YES;
				CLANG_ENABLE_OBJC_ARC = YES;
				CLANG_WARN_BOOL_CONVERSION = YES;
				CLANG_WARN_CONSTANT_CONVERSION = YES;
				CLANG_WARN_DIRECT_OBJC_ISA_USAGE = YES_ERROR;
				CLANG_WARN_EMPTY_BODY = YES;
				CLANG_WARN_ENUM_CONVERSION = YES;
				CLANG_WARN_INT_CONVERSION = YES;
				CLANG_WARN_OBJC_ROOT_CLASS = YES_ERROR;
				CLANG_WARN__DUPLICATE_METHOD_MATCH = YES;
				"CODE_SIGN_IDENTITY[sdk=iphoneos*]" = "iPhone Developer";
				COPY_PHASE_STRIP = YES;
				ENABLE_NS_ASSERTIONS = NO;
				GCC_C_LANGUAGE_STANDARD = gnu99;
				GCC_WARN_64_TO_32_BIT_CONVERSION = YES;
				GCC_WARN_ABOUT_RETURN_TYPE = YES_ERROR;
				GCC_WARN_UNDECLARED_SELECTOR = YES;
				GCC_WARN_UNINITIALIZED_AUTOS = YES;
				GCC_WARN_UNUSED_FUNCTION = YES;
				GCC_WARN_UNUSED_VARIABLE = YES;
				IPHONEOS_DEPLOYMENT_TARGET = 6.0;
				SDKROOT = iphoneos;
				TARGETED_DEVICE_FAMILY = "1,2";
				VALIDATE_PRODUCT = YES;
			};
			name = Release;
		};
		74C7260E189AE8E5008CD4AF /* Debug */ = {
			isa = XCBuildConfiguration;
			buildSettings = {
				ASSETCATALOG_COMPILER_APPICON_NAME = AppIcon;
				ASSETCATALOG_COMPILER_LAUNCHIMAGE_NAME = LaunchImage;
				GCC_PRECOMPILE_PREFIX_HEADER = YES;
				GCC_PREFIX_HEADER = "Reputation/Reputation-Prefix.pch";
				INFOPLIST_FILE = "Reputation/Reputation-Info.plist";
				PRODUCT_NAME = "$(TARGET_NAME)";
				WRAPPER_EXTENSION = app;
			};
			name = Debug;
		};
		74C7260F189AE8E5008CD4AF /* Release */ = {
			isa = XCBuildConfiguration;
			buildSettings = {
				ASSETCATALOG_COMPILER_APPICON_NAME = AppIcon;
				ASSETCATALOG_COMPILER_LAUNCHIMAGE_NAME = LaunchImage;
				GCC_PRECOMPILE_PREFIX_HEADER = YES;
				GCC_PREFIX_HEADER = "Reputation/Reputation-Prefix.pch";
				INFOPLIST_FILE = "Reputation/Reputation-Info.plist";
				PRODUCT_NAME = "$(TARGET_NAME)";
				WRAPPER_EXTENSION = app;
			};
			name = Release;
		};
		74C72611189AE8E5008CD4AF /* Debug */ = {
			isa = XCBuildConfiguration;
			buildSettings = {
				ARCHS = "$(ARCHS_STANDARD_INCLUDING_64_BIT)";
				BUNDLE_LOADER = "$(BUILT_PRODUCTS_DIR)/Reputation.app/Reputation";
				FRAMEWORK_SEARCH_PATHS = (
					"$(SDKROOT)/Developer/Library/Frameworks",
					"$(inherited)",
					"$(DEVELOPER_FRAMEWORKS_DIR)",
				);
				GCC_PRECOMPILE_PREFIX_HEADER = YES;
				GCC_PREFIX_HEADER = "Reputation/Reputation-Prefix.pch";
				GCC_PREPROCESSOR_DEFINITIONS = (
					"DEBUG=1",
					"$(inherited)",
				);
				INFOPLIST_FILE = "ReputationTests/ReputationTests-Info.plist";
				PRODUCT_NAME = "$(TARGET_NAME)";
				TEST_HOST = "$(BUNDLE_LOADER)";
				WRAPPER_EXTENSION = xctest;
			};
			name = Debug;
		};
		74C72612189AE8E5008CD4AF /* Release */ = {
			isa = XCBuildConfiguration;
			buildSettings = {
				ARCHS = "$(ARCHS_STANDARD_INCLUDING_64_BIT)";
				BUNDLE_LOADER = "$(BUILT_PRODUCTS_DIR)/Reputation.app/Reputation";
				FRAMEWORK_SEARCH_PATHS = (
					"$(SDKROOT)/Developer/Library/Frameworks",
					"$(inherited)",
					"$(DEVELOPER_FRAMEWORKS_DIR)",
				);
				GCC_PRECOMPILE_PREFIX_HEADER = YES;
				GCC_PREFIX_HEADER = "Reputation/Reputation-Prefix.pch";
				INFOPLIST_FILE = "ReputationTests/ReputationTests-Info.plist";
				PRODUCT_NAME = "$(TARGET_NAME)";
				TEST_HOST = "$(BUNDLE_LOADER)";
				WRAPPER_EXTENSION = xctest;
			};
			name = Release;
		};
/* End XCBuildConfiguration section */

/* Begin XCConfigurationList section */
		74C725D3189AE8E4008CD4AF /* Build configuration list for PBXProject "Reputation" */ = {
			isa = XCConfigurationList;
			buildConfigurations = (
				74C7260B189AE8E5008CD4AF /* Debug */,
				74C7260C189AE8E5008CD4AF /* Release */,
			);
			defaultConfigurationIsVisible = 0;
			defaultConfigurationName = Release;
		};
		74C7260D189AE8E5008CD4AF /* Build configuration list for PBXNativeTarget "Reputation" */ = {
			isa = XCConfigurationList;
			buildConfigurations = (
				74C7260E189AE8E5008CD4AF /* Debug */,
				74C7260F189AE8E5008CD4AF /* Release */,
			);
			defaultConfigurationIsVisible = 0;
			defaultConfigurationName = Release;
		};
		74C72610189AE8E5008CD4AF /* Build configuration list for PBXNativeTarget "ReputationTests" */ = {
			isa = XCConfigurationList;
			buildConfigurations = (
				74C72611189AE8E5008CD4AF /* Debug */,
				74C72612189AE8E5008CD4AF /* Release */,
			);
			defaultConfigurationIsVisible = 0;
			defaultConfigurationName = Release;
		};
/* End XCConfigurationList section */
	};
	rootObject = 74C725D0189AE8E4008CD4AF /* Project object */;
}
