// !$*UTF8*$!
{
	archiveVersion = 1;
	classes = {
	};
	objectVersion = 46;
	objects = {

/* Begin PBXBuildFile section */
		DD7DB0BA18A1850800BED62D /* Foundation.framework in Frameworks */ = {isa = PBXBuildFile; fileRef = DD7DB0B918A1850800BED62D /* Foundation.framework */; };
		DD7DB0BF18A1850800BED62D /* thrift09Hmac.h in CopyFiles */ = {isa = PBXBuildFile; fileRef = DD7DB0BE18A1850800BED62D /* thrift09Hmac.h */; };
		DD7DB0C118A1850800BED62D /* thrift09Hmac.m in Sources */ = {isa = PBXBuildFile; fileRef = DD7DB0C018A1850800BED62D /* thrift09Hmac.m */; };
		DD7DB0C818A1850800BED62D /* XCTest.framework in Frameworks */ = {isa = PBXBuildFile; fileRef = DD7DB0C718A1850800BED62D /* XCTest.framework */; };
		DD7DB0C918A1850800BED62D /* Foundation.framework in Frameworks */ = {isa = PBXBuildFile; fileRef = DD7DB0B918A1850800BED62D /* Foundation.framework */; };
		DD7DB0CB18A1850800BED62D /* UIKit.framework in Frameworks */ = {isa = PBXBuildFile; fileRef = DD7DB0CA18A1850800BED62D /* UIKit.framework */; };
		DD7DB0CE18A1850800BED62D /* libthrift09Hmac.a in Frameworks */ = {isa = PBXBuildFile; fileRef = DD7DB0B618A1850800BED62D /* libthrift09Hmac.a */; };
		DD7DB0D418A1850800BED62D /* InfoPlist.strings in Resources */ = {isa = PBXBuildFile; fileRef = DD7DB0D218A1850800BED62D /* InfoPlist.strings */; };
		DD7DB0D618A1850800BED62D /* thrift09HmacTests.m in Sources */ = {isa = PBXBuildFile; fileRef = DD7DB0D518A1850800BED62D /* thrift09HmacTests.m */; };
		DD7DB10818A1898800BED62D /* TBinaryProtocol.m in Sources */ = {isa = PBXBuildFile; fileRef = DD7DB0E118A1898700BED62D /* TBinaryProtocol.m */; };
		DD7DB10918A1898800BED62D /* TProtocolException.m in Sources */ = {isa = PBXBuildFile; fileRef = DD7DB0E418A1898700BED62D /* TProtocolException.m */; };
		DD7DB10A18A1898800BED62D /* TProtocolUtil.m in Sources */ = {isa = PBXBuildFile; fileRef = DD7DB0E718A1898700BED62D /* TProtocolUtil.m */; };
		DD7DB10B18A1898800BED62D /* TSocketServer.m in Sources */ = {isa = PBXBuildFile; fileRef = DD7DB0EA18A1898700BED62D /* TSocketServer.m */; };
		DD7DB10C18A1898800BED62D /* TApplicationException.m in Sources */ = {isa = PBXBuildFile; fileRef = DD7DB0EC18A1898700BED62D /* TApplicationException.m */; };
		DD7DB10D18A1898800BED62D /* TException.m in Sources */ = {isa = PBXBuildFile; fileRef = DD7DB0EE18A1898700BED62D /* TException.m */; };
		DD7DB10F18A1898800BED62D /* MyExtentions.m in Sources */ = {isa = PBXBuildFile; fileRef = DD7DB0F618A1898700BED62D /* MyExtentions.m */; };
		DD7DB11118A1898800BED62D /* THTTPClient.m in Sources */ = {isa = PBXBuildFile; fileRef = DD7DB0FA18A1898800BED62D /* THTTPClient.m */; };
		DD7DB11218A1898800BED62D /* TMemoryBuffer.m in Sources */ = {isa = PBXBuildFile; fileRef = DD7DB0FC18A1898800BED62D /* TMemoryBuffer.m */; };
		DD7DB11318A1898800BED62D /* TNSFileHandleTransport.m in Sources */ = {isa = PBXBuildFile; fileRef = DD7DB0FE18A1898800BED62D /* TNSFileHandleTransport.m */; };
		DD7DB11418A1898800BED62D /* TNSStreamTransport.m in Sources */ = {isa = PBXBuildFile; fileRef = DD7DB10018A1898800BED62D /* TNSStreamTransport.m */; };
		DD7DB11518A1898800BED62D /* TSocketClient.m in Sources */ = {isa = PBXBuildFile; fileRef = DD7DB10218A1898800BED62D /* TSocketClient.m */; };
		DD7DB11618A1898800BED62D /* TTransportException.m in Sources */ = {isa = PBXBuildFile; fileRef = DD7DB10518A1898800BED62D /* TTransportException.m */; };
		DD7DB11718A1898800BED62D /* TSharedProcessorFactory.m in Sources */ = {isa = PBXBuildFile; fileRef = DD7DB10718A1898800BED62D /* TSharedProcessorFactory.m */; };
		DD7DB11B18A192BD00BED62D /* TBinaryProtocol.h in CopyFiles */ = {isa = PBXBuildFile; fileRef = DD7DB0E018A1898700BED62D /* TBinaryProtocol.h */; };
		DD7DB11C18A192FC00BED62D /* TProtocol.h in CopyFiles */ = {isa = PBXBuildFile; fileRef = DD7DB0E218A1898700BED62D /* TProtocol.h */; };
		DD7DB11D18A192FC00BED62D /* TProtocolException.h in CopyFiles */ = {isa = PBXBuildFile; fileRef = DD7DB0E318A1898700BED62D /* TProtocolException.h */; };
		DD7DB11E18A192FC00BED62D /* TProtocolFactory.h in CopyFiles */ = {isa = PBXBuildFile; fileRef = DD7DB0E518A1898700BED62D /* TProtocolFactory.h */; };
		DD7DB11F18A192FC00BED62D /* TProtocolUtil.h in CopyFiles */ = {isa = PBXBuildFile; fileRef = DD7DB0E618A1898700BED62D /* TProtocolUtil.h */; };
		DD7DB12018A192FC00BED62D /* TSocketServer.h in CopyFiles */ = {isa = PBXBuildFile; fileRef = DD7DB0E918A1898700BED62D /* TSocketServer.h */; };
		DD7DB12118A192FC00BED62D /* TApplicationException.h in CopyFiles */ = {isa = PBXBuildFile; fileRef = DD7DB0EB18A1898700BED62D /* TApplicationException.h */; };
		DD7DB12218A192FC00BED62D /* TException.h in CopyFiles */ = {isa = PBXBuildFile; fileRef = DD7DB0ED18A1898700BED62D /* TException.h */; };
		DD7DB12318A192FC00BED62D /* TObjective-C.h in CopyFiles */ = {isa = PBXBuildFile; fileRef = DD7DB0EF18A1898700BED62D /* TObjective-C.h */; };
		DD7DB12418A192FC00BED62D /* TProcessor.h in CopyFiles */ = {isa = PBXBuildFile; fileRef = DD7DB0F018A1898700BED62D /* TProcessor.h */; };
		DD7DB12518A192FC00BED62D /* TProcessorFactory.h in CopyFiles */ = {isa = PBXBuildFile; fileRef = DD7DB0F118A1898700BED62D /* TProcessorFactory.h */; };
		DD7DB12718A192FC00BED62D /* MyExtentions.h in CopyFiles */ = {isa = PBXBuildFile; fileRef = DD7DB0F518A1898700BED62D /* MyExtentions.h */; };
		DD7DB12818A192FC00BED62D /* THTTPClient.h in CopyFiles */ = {isa = PBXBuildFile; fileRef = DD7DB0F918A1898800BED62D /* THTTPClient.h */; };
		DD7DB12918A192FC00BED62D /* TMemoryBuffer.h in CopyFiles */ = {isa = PBXBuildFile; fileRef = DD7DB0FB18A1898800BED62D /* TMemoryBuffer.h */; };
		DD7DB12A18A192FC00BED62D /* TNSFileHandleTransport.h in CopyFiles */ = {isa = PBXBuildFile; fileRef = DD7DB0FD18A1898800BED62D /* TNSFileHandleTransport.h */; };
		DD7DB12B18A192FC00BED62D /* TNSStreamTransport.h in CopyFiles */ = {isa = PBXBuildFile; fileRef = DD7DB0FF18A1898800BED62D /* TNSStreamTransport.h */; };
		DD7DB12C18A192FC00BED62D /* TSocketClient.h in CopyFiles */ = {isa = PBXBuildFile; fileRef = DD7DB10118A1898800BED62D /* TSocketClient.h */; };
		DD7DB12D18A192FC00BED62D /* TTransport.h in CopyFiles */ = {isa = PBXBuildFile; fileRef = DD7DB10318A1898800BED62D /* TTransport.h */; };
		DD7DB12E18A192FC00BED62D /* TTransportException.h in CopyFiles */ = {isa = PBXBuildFile; fileRef = DD7DB10418A1898800BED62D /* TTransportException.h */; };
		DD7DB12F18A192FC00BED62D /* TSharedProcessorFactory.h in CopyFiles */ = {isa = PBXBuildFile; fileRef = DD7DB10618A1898800BED62D /* TSharedProcessorFactory.h */; };
		DD7DB13D18A1B5A500BED62D /* Base64.m in Sources */ = {isa = PBXBuildFile; fileRef = DD7DB13A18A1B5A500BED62D /* Base64.m */; };
		DD7DB13E18A1B5A500BED62D /* THMACHttpClient.m in Sources */ = {isa = PBXBuildFile; fileRef = DD7DB13C18A1B5A500BED62D /* THMACHttpClient.m */; };
		DD7DB13F18A1B5C800BED62D /* Base64.h in CopyFiles */ = {isa = PBXBuildFile; fileRef = DD7DB13918A1B5A500BED62D /* Base64.h */; };
		DD7DB14018A1B5C800BED62D /* THMACHttpClient.h in CopyFiles */ = {isa = PBXBuildFile; fileRef = DD7DB13B18A1B5A500BED62D /* THMACHttpClient.h */; };
/* End PBXBuildFile section */

/* Begin PBXContainerItemProxy section */
		DD7DB0CC18A1850800BED62D /* PBXContainerItemProxy */ = {
			isa = PBXContainerItemProxy;
			containerPortal = DD7DB0AE18A1850800BED62D /* Project object */;
			proxyType = 1;
			remoteGlobalIDString = DD7DB0B518A1850800BED62D;
			remoteInfo = thrift09Hmac;
		};
/* End PBXContainerItemProxy section */

/* Begin PBXCopyFilesBuildPhase section */
		DD7DB0B418A1850800BED62D /* CopyFiles */ = {
			isa = PBXCopyFilesBuildPhase;
			buildActionMask = 2147483647;
			dstPath = "include/$(PRODUCT_NAME)";
			dstSubfolderSpec = 16;
			files = (
				DD7DB13F18A1B5C800BED62D /* Base64.h in CopyFiles */,
				DD7DB14018A1B5C800BED62D /* THMACHttpClient.h in CopyFiles */,
				DD7DB11C18A192FC00BED62D /* TProtocol.h in CopyFiles */,
				DD7DB11D18A192FC00BED62D /* TProtocolException.h in CopyFiles */,
				DD7DB11E18A192FC00BED62D /* TProtocolFactory.h in CopyFiles */,
				DD7DB11F18A192FC00BED62D /* TProtocolUtil.h in CopyFiles */,
				DD7DB12018A192FC00BED62D /* TSocketServer.h in CopyFiles */,
				DD7DB12118A192FC00BED62D /* TApplicationException.h in CopyFiles */,
				DD7DB12218A192FC00BED62D /* TException.h in CopyFiles */,
				DD7DB12318A192FC00BED62D /* TObjective-C.h in CopyFiles */,
				DD7DB12418A192FC00BED62D /* TProcessor.h in CopyFiles */,
				DD7DB12518A192FC00BED62D /* TProcessorFactory.h in CopyFiles */,
				DD7DB12718A192FC00BED62D /* MyExtentions.h in CopyFiles */,
				DD7DB12818A192FC00BED62D /* THTTPClient.h in CopyFiles */,
				DD7DB12918A192FC00BED62D /* TMemoryBuffer.h in CopyFiles */,
				DD7DB12A18A192FC00BED62D /* TNSFileHandleTransport.h in CopyFiles */,
				DD7DB12B18A192FC00BED62D /* TNSStreamTransport.h in CopyFiles */,
				DD7DB12C18A192FC00BED62D /* TSocketClient.h in CopyFiles */,
				DD7DB12D18A192FC00BED62D /* TTransport.h in CopyFiles */,
				DD7DB12E18A192FC00BED62D /* TTransportException.h in CopyFiles */,
				DD7DB12F18A192FC00BED62D /* TSharedProcessorFactory.h in CopyFiles */,
				DD7DB11B18A192BD00BED62D /* TBinaryProtocol.h in CopyFiles */,
				DD7DB0BF18A1850800BED62D /* thrift09Hmac.h in CopyFiles */,
			);
			runOnlyForDeploymentPostprocessing = 0;
		};
/* End PBXCopyFilesBuildPhase section */

/* Begin PBXFileReference section */
		DD7DB0B618A1850800BED62D /* libthrift09Hmac.a */ = {isa = PBXFileReference; explicitFileType = archive.ar; includeInIndex = 0; path = libthrift09Hmac.a; sourceTree = BUILT_PRODUCTS_DIR; };
		DD7DB0B918A1850800BED62D /* Foundation.framework */ = {isa = PBXFileReference; lastKnownFileType = wrapper.framework; name = Foundation.framework; path = System/Library/Frameworks/Foundation.framework; sourceTree = SDKROOT; };
		DD7DB0BD18A1850800BED62D /* thrift09Hmac-Prefix.pch */ = {isa = PBXFileReference; lastKnownFileType = sourcecode.c.h; path = "thrift09Hmac-Prefix.pch"; sourceTree = "<group>"; };
		DD7DB0BE18A1850800BED62D /* thrift09Hmac.h */ = {isa = PBXFileReference; lastKnownFileType = sourcecode.c.h; path = thrift09Hmac.h; sourceTree = "<group>"; };
		DD7DB0C018A1850800BED62D /* thrift09Hmac.m */ = {isa = PBXFileReference; lastKnownFileType = sourcecode.c.objc; path = thrift09Hmac.m; sourceTree = "<group>"; };
		DD7DB0C618A1850800BED62D /* thrift09HmacTests.xctest */ = {isa = PBXFileReference; explicitFileType = wrapper.cfbundle; includeInIndex = 0; path = thrift09HmacTests.xctest; sourceTree = BUILT_PRODUCTS_DIR; };
		DD7DB0C718A1850800BED62D /* XCTest.framework */ = {isa = PBXFileReference; lastKnownFileType = wrapper.framework; name = XCTest.framework; path = Library/Frameworks/XCTest.framework; sourceTree = DEVELOPER_DIR; };
		DD7DB0CA18A1850800BED62D /* UIKit.framework */ = {isa = PBXFileReference; lastKnownFileType = wrapper.framework; name = UIKit.framework; path = Library/Frameworks/UIKit.framework; sourceTree = DEVELOPER_DIR; };
		DD7DB0D118A1850800BED62D /* thrift09HmacTests-Info.plist */ = {isa = PBXFileReference; lastKnownFileType = text.plist.xml; path = "thrift09HmacTests-Info.plist"; sourceTree = "<group>"; };
		DD7DB0D318A1850800BED62D /* en */ = {isa = PBXFileReference; lastKnownFileType = text.plist.strings; name = en; path = en.lproj/InfoPlist.strings; sourceTree = "<group>"; };
		DD7DB0D518A1850800BED62D /* thrift09HmacTests.m */ = {isa = PBXFileReference; lastKnownFileType = sourcecode.c.objc; path = thrift09HmacTests.m; sourceTree = "<group>"; };
		DD7DB0E018A1898700BED62D /* TBinaryProtocol.h */ = {isa = PBXFileReference; fileEncoding = 4; lastKnownFileType = sourcecode.c.h; path = TBinaryProtocol.h; sourceTree = "<group>"; };
		DD7DB0E118A1898700BED62D /* TBinaryProtocol.m */ = {isa = PBXFileReference; fileEncoding = 4; lastKnownFileType = sourcecode.c.objc; path = TBinaryProtocol.m; sourceTree = "<group>"; };
		DD7DB0E218A1898700BED62D /* TProtocol.h */ = {isa = PBXFileReference; fileEncoding = 4; lastKnownFileType = sourcecode.c.h; path = TProtocol.h; sourceTree = "<group>"; };
		DD7DB0E318A1898700BED62D /* TProtocolException.h */ = {isa = PBXFileReference; fileEncoding = 4; lastKnownFileType = sourcecode.c.h; path = TProtocolException.h; sourceTree = "<group>"; };
		DD7DB0E418A1898700BED62D /* TProtocolException.m */ = {isa = PBXFileReference; fileEncoding = 4; lastKnownFileType = sourcecode.c.objc; path = TProtocolException.m; sourceTree = "<group>"; };
		DD7DB0E518A1898700BED62D /* TProtocolFactory.h */ = {isa = PBXFileReference; fileEncoding = 4; lastKnownFileType = sourcecode.c.h; path = TProtocolFactory.h; sourceTree = "<group>"; };
		DD7DB0E618A1898700BED62D /* TProtocolUtil.h */ = {isa = PBXFileReference; fileEncoding = 4; lastKnownFileType = sourcecode.c.h; path = TProtocolUtil.h; sourceTree = "<group>"; };
		DD7DB0E718A1898700BED62D /* TProtocolUtil.m */ = {isa = PBXFileReference; fileEncoding = 4; lastKnownFileType = sourcecode.c.objc; path = TProtocolUtil.m; sourceTree = "<group>"; };
		DD7DB0E918A1898700BED62D /* TSocketServer.h */ = {isa = PBXFileReference; fileEncoding = 4; lastKnownFileType = sourcecode.c.h; path = TSocketServer.h; sourceTree = "<group>"; };
		DD7DB0EA18A1898700BED62D /* TSocketServer.m */ = {isa = PBXFileReference; fileEncoding = 4; lastKnownFileType = sourcecode.c.objc; path = TSocketServer.m; sourceTree = "<group>"; };
		DD7DB0EB18A1898700BED62D /* TApplicationException.h */ = {isa = PBXFileReference; fileEncoding = 4; lastKnownFileType = sourcecode.c.h; path = TApplicationException.h; sourceTree = "<group>"; };
		DD7DB0EC18A1898700BED62D /* TApplicationException.m */ = {isa = PBXFileReference; fileEncoding = 4; lastKnownFileType = sourcecode.c.objc; path = TApplicationException.m; sourceTree = "<group>"; };
		DD7DB0ED18A1898700BED62D /* TException.h */ = {isa = PBXFileReference; fileEncoding = 4; lastKnownFileType = sourcecode.c.h; path = TException.h; sourceTree = "<group>"; };
		DD7DB0EE18A1898700BED62D /* TException.m */ = {isa = PBXFileReference; fileEncoding = 4; lastKnownFileType = sourcecode.c.objc; path = TException.m; sourceTree = "<group>"; };
		DD7DB0EF18A1898700BED62D /* TObjective-C.h */ = {isa = PBXFileReference; fileEncoding = 4; lastKnownFileType = sourcecode.c.h; path = "TObjective-C.h"; sourceTree = "<group>"; };
		DD7DB0F018A1898700BED62D /* TProcessor.h */ = {isa = PBXFileReference; fileEncoding = 4; lastKnownFileType = sourcecode.c.h; path = TProcessor.h; sourceTree = "<group>"; };
		DD7DB0F118A1898700BED62D /* TProcessorFactory.h */ = {isa = PBXFileReference; fileEncoding = 4; lastKnownFileType = sourcecode.c.h; path = TProcessorFactory.h; sourceTree = "<group>"; };
		DD7DB0F518A1898700BED62D /* MyExtentions.h */ = {isa = PBXFileReference; fileEncoding = 4; lastKnownFileType = sourcecode.c.h; path = MyExtentions.h; sourceTree = "<group>"; };
		DD7DB0F618A1898700BED62D /* MyExtentions.m */ = {isa = PBXFileReference; fileEncoding = 4; lastKnownFileType = sourcecode.c.objc; path = MyExtentions.m; sourceTree = "<group>"; };
		DD7DB0F918A1898800BED62D /* THTTPClient.h */ = {isa = PBXFileReference; fileEncoding = 4; lastKnownFileType = sourcecode.c.h; path = THTTPClient.h; sourceTree = "<group>"; };
		DD7DB0FA18A1898800BED62D /* THTTPClient.m */ = {isa = PBXFileReference; fileEncoding = 4; lastKnownFileType = sourcecode.c.objc; path = THTTPClient.m; sourceTree = "<group>"; };
		DD7DB0FB18A1898800BED62D /* TMemoryBuffer.h */ = {isa = PBXFileReference; fileEncoding = 4; lastKnownFileType = sourcecode.c.h; path = TMemoryBuffer.h; sourceTree = "<group>"; };
		DD7DB0FC18A1898800BED62D /* TMemoryBuffer.m */ = {isa = PBXFileReference; fileEncoding = 4; lastKnownFileType = sourcecode.c.objc; path = TMemoryBuffer.m; sourceTree = "<group>"; };
		DD7DB0FD18A1898800BED62D /* TNSFileHandleTransport.h */ = {isa = PBXFileReference; fileEncoding = 4; lastKnownFileType = sourcecode.c.h; path = TNSFileHandleTransport.h; sourceTree = "<group>"; };
		DD7DB0FE18A1898800BED62D /* TNSFileHandleTransport.m */ = {isa = PBXFileReference; fileEncoding = 4; lastKnownFileType = sourcecode.c.objc; path = TNSFileHandleTransport.m; sourceTree = "<group>"; };
		DD7DB0FF18A1898800BED62D /* TNSStreamTransport.h */ = {isa = PBXFileReference; fileEncoding = 4; lastKnownFileType = sourcecode.c.h; path = TNSStreamTransport.h; sourceTree = "<group>"; };
		DD7DB10018A1898800BED62D /* TNSStreamTransport.m */ = {isa = PBXFileReference; fileEncoding = 4; lastKnownFileType = sourcecode.c.objc; path = TNSStreamTransport.m; sourceTree = "<group>"; };
		DD7DB10118A1898800BED62D /* TSocketClient.h */ = {isa = PBXFileReference; fileEncoding = 4; lastKnownFileType = sourcecode.c.h; path = TSocketClient.h; sourceTree = "<group>"; };
		DD7DB10218A1898800BED62D /* TSocketClient.m */ = {isa = PBXFileReference; fileEncoding = 4; lastKnownFileType = sourcecode.c.objc; path = TSocketClient.m; sourceTree = "<group>"; };
		DD7DB10318A1898800BED62D /* TTransport.h */ = {isa = PBXFileReference; fileEncoding = 4; lastKnownFileType = sourcecode.c.h; path = TTransport.h; sourceTree = "<group>"; };
		DD7DB10418A1898800BED62D /* TTransportException.h */ = {isa = PBXFileReference; fileEncoding = 4; lastKnownFileType = sourcecode.c.h; path = TTransportException.h; sourceTree = "<group>"; };
		DD7DB10518A1898800BED62D /* TTransportException.m */ = {isa = PBXFileReference; fileEncoding = 4; lastKnownFileType = sourcecode.c.objc; path = TTransportException.m; sourceTree = "<group>"; };
		DD7DB10618A1898800BED62D /* TSharedProcessorFactory.h */ = {isa = PBXFileReference; fileEncoding = 4; lastKnownFileType = sourcecode.c.h; path = TSharedProcessorFactory.h; sourceTree = "<group>"; };
		DD7DB10718A1898800BED62D /* TSharedProcessorFactory.m */ = {isa = PBXFileReference; fileEncoding = 4; lastKnownFileType = sourcecode.c.objc; path = TSharedProcessorFactory.m; sourceTree = "<group>"; };
		DD7DB13918A1B5A500BED62D /* Base64.h */ = {isa = PBXFileReference; fileEncoding = 4; lastKnownFileType = sourcecode.c.h; path = Base64.h; sourceTree = "<group>"; };
		DD7DB13A18A1B5A500BED62D /* Base64.m */ = {isa = PBXFileReference; fileEncoding = 4; lastKnownFileType = sourcecode.c.objc; path = Base64.m; sourceTree = "<group>"; };
		DD7DB13B18A1B5A500BED62D /* THMACHttpClient.h */ = {isa = PBXFileReference; fileEncoding = 4; lastKnownFileType = sourcecode.c.h; path = THMACHttpClient.h; sourceTree = "<group>"; };
		DD7DB13C18A1B5A500BED62D /* THMACHttpClient.m */ = {isa = PBXFileReference; fileEncoding = 4; lastKnownFileType = sourcecode.c.objc; path = THMACHttpClient.m; sourceTree = "<group>"; };
/* End PBXFileReference section */

/* Begin PBXFrameworksBuildPhase section */
		DD7DB0B318A1850800BED62D /* Frameworks */ = {
			isa = PBXFrameworksBuildPhase;
			buildActionMask = 2147483647;
			files = (
				DD7DB0BA18A1850800BED62D /* Foundation.framework in Frameworks */,
			);
			runOnlyForDeploymentPostprocessing = 0;
		};
		DD7DB0C318A1850800BED62D /* Frameworks */ = {
			isa = PBXFrameworksBuildPhase;
			buildActionMask = 2147483647;
			files = (
				DD7DB0C818A1850800BED62D /* XCTest.framework in Frameworks */,
				DD7DB0CB18A1850800BED62D /* UIKit.framework in Frameworks */,
				DD7DB0CE18A1850800BED62D /* libthrift09Hmac.a in Frameworks */,
				DD7DB0C918A1850800BED62D /* Foundation.framework in Frameworks */,
			);
			runOnlyForDeploymentPostprocessing = 0;
		};
/* End PBXFrameworksBuildPhase section */

/* Begin PBXGroup section */
		DD7DB0AD18A1850800BED62D = {
			isa = PBXGroup;
			children = (
				DD7DB0BB18A1850800BED62D /* thrift09Hmac */,
				DD7DB0CF18A1850800BED62D /* thrift09HmacTests */,
				DD7DB0B818A1850800BED62D /* Frameworks */,
				DD7DB0B718A1850800BED62D /* Products */,
			);
			sourceTree = "<group>";
		};
		DD7DB0B718A1850800BED62D /* Products */ = {
			isa = PBXGroup;
			children = (
				DD7DB0B618A1850800BED62D /* libthrift09Hmac.a */,
				DD7DB0C618A1850800BED62D /* thrift09HmacTests.xctest */,
			);
			name = Products;
			sourceTree = "<group>";
		};
		DD7DB0B818A1850800BED62D /* Frameworks */ = {
			isa = PBXGroup;
			children = (
				DD7DB0B918A1850800BED62D /* Foundation.framework */,
				DD7DB0C718A1850800BED62D /* XCTest.framework */,
				DD7DB0CA18A1850800BED62D /* UIKit.framework */,
			);
			name = Frameworks;
			sourceTree = "<group>";
		};
		DD7DB0BB18A1850800BED62D /* thrift09Hmac */ = {
			isa = PBXGroup;
			children = (
				DD7DB0DF18A1898700BED62D /* protocol */,
				DD7DB0E818A1898700BED62D /* server */,
				DD7DB0EB18A1898700BED62D /* TApplicationException.h */,
				DD7DB0EC18A1898700BED62D /* TApplicationException.m */,
				DD7DB0ED18A1898700BED62D /* TException.h */,
				DD7DB0EE18A1898700BED62D /* TException.m */,
				DD7DB0EF18A1898700BED62D /* TObjective-C.h */,
				DD7DB0F018A1898700BED62D /* TProcessor.h */,
				DD7DB0F118A1898700BED62D /* TProcessorFactory.h */,
				DD7DB0F218A1898700BED62D /* transport */,
				DD7DB10618A1898800BED62D /* TSharedProcessorFactory.h */,
				DD7DB10718A1898800BED62D /* TSharedProcessorFactory.m */,
				DD7DB0BE18A1850800BED62D /* thrift09Hmac.h */,
				DD7DB0C018A1850800BED62D /* thrift09Hmac.m */,
				DD7DB0BC18A1850800BED62D /* Supporting Files */,
			);
			path = thrift09Hmac;
			sourceTree = "<group>";
		};
		DD7DB0BC18A1850800BED62D /* Supporting Files */ = {
			isa = PBXGroup;
			children = (
				DD7DB0BD18A1850800BED62D /* thrift09Hmac-Prefix.pch */,
			);
			name = "Supporting Files";
			sourceTree = "<group>";
		};
		DD7DB0CF18A1850800BED62D /* thrift09HmacTests */ = {
			isa = PBXGroup;
			children = (
				DD7DB0D518A1850800BED62D /* thrift09HmacTests.m */,
				DD7DB0D018A1850800BED62D /* Supporting Files */,
			);
			path = thrift09HmacTests;
			sourceTree = "<group>";
		};
		DD7DB0D018A1850800BED62D /* Supporting Files */ = {
			isa = PBXGroup;
			children = (
				DD7DB0D118A1850800BED62D /* thrift09HmacTests-Info.plist */,
				DD7DB0D218A1850800BED62D /* InfoPlist.strings */,
			);
			name = "Supporting Files";
			sourceTree = "<group>";
		};
		DD7DB0DF18A1898700BED62D /* protocol */ = {
			isa = PBXGroup;
			children = (
				DD7DB0E018A1898700BED62D /* TBinaryProtocol.h */,
				DD7DB0E118A1898700BED62D /* TBinaryProtocol.m */,
				DD7DB0E218A1898700BED62D /* TProtocol.h */,
				DD7DB0E318A1898700BED62D /* TProtocolException.h */,
				DD7DB0E418A1898700BED62D /* TProtocolException.m */,
				DD7DB0E518A1898700BED62D /* TProtocolFactory.h */,
				DD7DB0E618A1898700BED62D /* TProtocolUtil.h */,
				DD7DB0E718A1898700BED62D /* TProtocolUtil.m */,
			);
			path = protocol;
			sourceTree = "<group>";
		};
		DD7DB0E818A1898700BED62D /* server */ = {
			isa = PBXGroup;
			children = (
				DD7DB0E918A1898700BED62D /* TSocketServer.h */,
				DD7DB0EA18A1898700BED62D /* TSocketServer.m */,
			);
			path = server;
			sourceTree = "<group>";
		};
		DD7DB0F218A1898700BED62D /* transport */ = {
			isa = PBXGroup;
			children = (
				DD7DB13918A1B5A500BED62D /* Base64.h */,
				DD7DB13A18A1B5A500BED62D /* Base64.m */,
				DD7DB13B18A1B5A500BED62D /* THMACHttpClient.h */,
				DD7DB13C18A1B5A500BED62D /* THMACHttpClient.m */,
				DD7DB0F518A1898700BED62D /* MyExtentions.h */,
				DD7DB0F618A1898700BED62D /* MyExtentions.m */,
				DD7DB0F918A1898800BED62D /* THTTPClient.h */,
				DD7DB0FA18A1898800BED62D /* THTTPClient.m */,
				DD7DB0FB18A1898800BED62D /* TMemoryBuffer.h */,
				DD7DB0FC18A1898800BED62D /* TMemoryBuffer.m */,
				DD7DB0FD18A1898800BED62D /* TNSFileHandleTransport.h */,
				DD7DB0FE18A1898800BED62D /* TNSFileHandleTransport.m */,
				DD7DB0FF18A1898800BED62D /* TNSStreamTransport.h */,
				DD7DB10018A1898800BED62D /* TNSStreamTransport.m */,
				DD7DB10118A1898800BED62D /* TSocketClient.h */,
				DD7DB10218A1898800BED62D /* TSocketClient.m */,
				DD7DB10318A1898800BED62D /* TTransport.h */,
				DD7DB10418A1898800BED62D /* TTransportException.h */,
				DD7DB10518A1898800BED62D /* TTransportException.m */,
			);
			path = transport;
			sourceTree = "<group>";
		};
/* End PBXGroup section */

/* Begin PBXNativeTarget section */
		DD7DB0B518A1850800BED62D /* thrift09Hmac */ = {
			isa = PBXNativeTarget;
			buildConfigurationList = DD7DB0D918A1850800BED62D /* Build configuration list for PBXNativeTarget "thrift09Hmac" */;
			buildPhases = (
				DD7DB0B218A1850800BED62D /* Sources */,
				DD7DB0B318A1850800BED62D /* Frameworks */,
				DD7DB0B418A1850800BED62D /* CopyFiles */,
			);
			buildRules = (
			);
			dependencies = (
			);
			name = thrift09Hmac;
			productName = thrift09Hmac;
			productReference = DD7DB0B618A1850800BED62D /* libthrift09Hmac.a */;
			productType = "com.apple.product-type.library.static";
		};
		DD7DB0C518A1850800BED62D /* thrift09HmacTests */ = {
			isa = PBXNativeTarget;
			buildConfigurationList = DD7DB0DC18A1850800BED62D /* Build configuration list for PBXNativeTarget "thrift09HmacTests" */;
			buildPhases = (
				DD7DB0C218A1850800BED62D /* Sources */,
				DD7DB0C318A1850800BED62D /* Frameworks */,
				DD7DB0C418A1850800BED62D /* Resources */,
			);
			buildRules = (
			);
			dependencies = (
				DD7DB0CD18A1850800BED62D /* PBXTargetDependency */,
			);
			name = thrift09HmacTests;
			productName = thrift09HmacTests;
			productReference = DD7DB0C618A1850800BED62D /* thrift09HmacTests.xctest */;
			productType = "com.apple.product-type.bundle.unit-test";
		};
/* End PBXNativeTarget section */

/* Begin PBXProject section */
		DD7DB0AE18A1850800BED62D /* Project object */ = {
			isa = PBXProject;
			attributes = {
				LastUpgradeCheck = 0500;
				ORGANIZATIONNAME = "Alok Damireddy";
			};
			buildConfigurationList = DD7DB0B118A1850800BED62D /* Build configuration list for PBXProject "thrift09Hmac" */;
			compatibilityVersion = "Xcode 3.2";
			developmentRegion = English;
			hasScannedForEncodings = 0;
			knownRegions = (
				en,
			);
			mainGroup = DD7DB0AD18A1850800BED62D;
			productRefGroup = DD7DB0B718A1850800BED62D /* Products */;
			projectDirPath = "";
			projectRoot = "";
			targets = (
				DD7DB0B518A1850800BED62D /* thrift09Hmac */,
				DD7DB0C518A1850800BED62D /* thrift09HmacTests */,
			);
		};
/* End PBXProject section */

/* Begin PBXResourcesBuildPhase section */
		DD7DB0C418A1850800BED62D /* Resources */ = {
			isa = PBXResourcesBuildPhase;
			buildActionMask = 2147483647;
			files = (
				DD7DB0D418A1850800BED62D /* InfoPlist.strings in Resources */,
			);
			runOnlyForDeploymentPostprocessing = 0;
		};
/* End PBXResourcesBuildPhase section */

/* Begin PBXSourcesBuildPhase section */
		DD7DB0B218A1850800BED62D /* Sources */ = {
			isa = PBXSourcesBuildPhase;
			buildActionMask = 2147483647;
			files = (
				DD7DB11618A1898800BED62D /* TTransportException.m in Sources */,
				DD7DB11318A1898800BED62D /* TNSFileHandleTransport.m in Sources */,
				DD7DB0C118A1850800BED62D /* thrift09Hmac.m in Sources */,
				DD7DB10D18A1898800BED62D /* TException.m in Sources */,
				DD7DB11518A1898800BED62D /* TSocketClient.m in Sources */,
				DD7DB10F18A1898800BED62D /* MyExtentions.m in Sources */,
				DD7DB11418A1898800BED62D /* TNSStreamTransport.m in Sources */,
				DD7DB13E18A1B5A500BED62D /* THMACHttpClient.m in Sources */,
				DD7DB10818A1898800BED62D /* TBinaryProtocol.m in Sources */,
				DD7DB13D18A1B5A500BED62D /* Base64.m in Sources */,
				DD7DB10A18A1898800BED62D /* TProtocolUtil.m in Sources */,
				DD7DB10C18A1898800BED62D /* TApplicationException.m in Sources */,
				DD7DB11118A1898800BED62D /* THTTPClient.m in Sources */,
				DD7DB11718A1898800BED62D /* TSharedProcessorFactory.m in Sources */,
				DD7DB11218A1898800BED62D /* TMemoryBuffer.m in Sources */,
				DD7DB10B18A1898800BED62D /* TSocketServer.m in Sources */,
				DD7DB10918A1898800BED62D /* TProtocolException.m in Sources */,
			);
			runOnlyForDeploymentPostprocessing = 0;
		};
		DD7DB0C218A1850800BED62D /* Sources */ = {
			isa = PBXSourcesBuildPhase;
			buildActionMask = 2147483647;
			files = (
				DD7DB0D618A1850800BED62D /* thrift09HmacTests.m in Sources */,
			);
			runOnlyForDeploymentPostprocessing = 0;
		};
/* End PBXSourcesBuildPhase section */

/* Begin PBXTargetDependency section */
		DD7DB0CD18A1850800BED62D /* PBXTargetDependency */ = {
			isa = PBXTargetDependency;
			target = DD7DB0B518A1850800BED62D /* thrift09Hmac */;
			targetProxy = DD7DB0CC18A1850800BED62D /* PBXContainerItemProxy */;
		};
/* End PBXTargetDependency section */

/* Begin PBXVariantGroup section */
		DD7DB0D218A1850800BED62D /* InfoPlist.strings */ = {
			isa = PBXVariantGroup;
			children = (
				DD7DB0D318A1850800BED62D /* en */,
			);
			name = InfoPlist.strings;
			sourceTree = "<group>";
		};
/* End PBXVariantGroup section */

/* Begin XCBuildConfiguration section */
		DD7DB0D718A1850800BED62D /* Debug */ = {
			isa = XCBuildConfiguration;
			buildSettings = {
				ALWAYS_SEARCH_USER_PATHS = NO;
				ARCHS = "$(ARCHS_STANDARD_INCLUDING_64_BIT)";
				CLANG_CXX_LANGUAGE_STANDARD = "gnu++0x";
				CLANG_CXX_LIBRARY = "libc++";
				CLANG_ENABLE_MODULES = YES;
				CLANG_ENABLE_OBJC_ARC = YES;
				CLANG_WARN_BOOL_CONVERSION = YES;
				CLANG_WARN_CONSTANT_CONVERSION = YES;
				CLANG_WARN_DIRECT_OBJC_ISA_USAGE = YES_ERROR;
				CLANG_WARN_EMPTY_BODY = YES;
				CLANG_WARN_ENUM_CONVERSION = YES;
				CLANG_WARN_INT_CONVERSION = YES;
				CLANG_WARN_OBJC_ROOT_CLASS = YES_ERROR;
				CLANG_WARN__DUPLICATE_METHOD_MATCH = YES;
				COPY_PHASE_STRIP = NO;
				GCC_C_LANGUAGE_STANDARD = gnu99;
				GCC_DYNAMIC_NO_PIC = NO;
				GCC_OPTIMIZATION_LEVEL = 0;
				GCC_PREPROCESSOR_DEFINITIONS = (
					"DEBUG=1",
					"$(inherited)",
				);
				GCC_SYMBOLS_PRIVATE_EXTERN = NO;
				GCC_WARN_64_TO_32_BIT_CONVERSION = YES;
				GCC_WARN_ABOUT_RETURN_TYPE = YES_ERROR;
				GCC_WARN_UNDECLARED_SELECTOR = YES;
				GCC_WARN_UNINITIALIZED_AUTOS = YES;
				GCC_WARN_UNUSED_FUNCTION = YES;
				GCC_WARN_UNUSED_VARIABLE = YES;
				IPHONEOS_DEPLOYMENT_TARGET = 7.0;
				ONLY_ACTIVE_ARCH = YES;
				SDKROOT = iphoneos;
			};
			name = Debug;
		};
		DD7DB0D818A1850800BED62D /* Release */ = {
			isa = XCBuildConfiguration;
			buildSettings = {
				ALWAYS_SEARCH_USER_PATHS = NO;
				ARCHS = "$(ARCHS_STANDARD_INCLUDING_64_BIT)";
				CLANG_CXX_LANGUAGE_STANDARD = "gnu++0x";
				CLANG_CXX_LIBRARY = "libc++";
				CLANG_ENABLE_MODULES = YES;
				CLANG_ENABLE_OBJC_ARC = YES;
				CLANG_WARN_BOOL_CONVERSION = YES;
				CLANG_WARN_CONSTANT_CONVERSION = YES;
				CLANG_WARN_DIRECT_OBJC_ISA_USAGE = YES_ERROR;
				CLANG_WARN_EMPTY_BODY = YES;
				CLANG_WARN_ENUM_CONVERSION = YES;
				CLANG_WARN_INT_CONVERSION = YES;
				CLANG_WARN_OBJC_ROOT_CLASS = YES_ERROR;
				CLANG_WARN__DUPLICATE_METHOD_MATCH = YES;
				COPY_PHASE_STRIP = YES;
				ENABLE_NS_ASSERTIONS = NO;
				GCC_C_LANGUAGE_STANDARD = gnu99;
				GCC_WARN_64_TO_32_BIT_CONVERSION = YES;
				GCC_WARN_ABOUT_RETURN_TYPE = YES_ERROR;
				GCC_WARN_UNDECLARED_SELECTOR = YES;
				GCC_WARN_UNINITIALIZED_AUTOS = YES;
				GCC_WARN_UNUSED_FUNCTION = YES;
				GCC_WARN_UNUSED_VARIABLE = YES;
				IPHONEOS_DEPLOYMENT_TARGET = 7.0;
				SDKROOT = iphoneos;
				VALIDATE_PRODUCT = YES;
			};
			name = Release;
		};
		DD7DB0DA18A1850800BED62D /* Debug */ = {
			isa = XCBuildConfiguration;
			buildSettings = {
				DSTROOT = /tmp/thrift09Hmac.dst;
				GCC_PRECOMPILE_PREFIX_HEADER = YES;
				GCC_PREFIX_HEADER = "thrift09Hmac/thrift09Hmac-Prefix.pch";
				OTHER_LDFLAGS = "-ObjC";
				PRODUCT_NAME = "$(TARGET_NAME)";
				SKIP_INSTALL = YES;
			};
			name = Debug;
		};
		DD7DB0DB18A1850800BED62D /* Release */ = {
			isa = XCBuildConfiguration;
			buildSettings = {
				DSTROOT = /tmp/thrift09Hmac.dst;
				GCC_PRECOMPILE_PREFIX_HEADER = YES;
				GCC_PREFIX_HEADER = "thrift09Hmac/thrift09Hmac-Prefix.pch";
				OTHER_LDFLAGS = "-ObjC";
				PRODUCT_NAME = "$(TARGET_NAME)";
				SKIP_INSTALL = YES;
			};
			name = Release;
		};
		DD7DB0DD18A1850800BED62D /* Debug */ = {
			isa = XCBuildConfiguration;
			buildSettings = {
				ARCHS = "$(ARCHS_STANDARD_INCLUDING_64_BIT)";
				FRAMEWORK_SEARCH_PATHS = (
					"$(SDKROOT)/Developer/Library/Frameworks",
					"$(inherited)",
					"$(DEVELOPER_FRAMEWORKS_DIR)",
				);
				GCC_PRECOMPILE_PREFIX_HEADER = YES;
				GCC_PREFIX_HEADER = "thrift09Hmac/thrift09Hmac-Prefix.pch";
				GCC_PREPROCESSOR_DEFINITIONS = (
					"DEBUG=1",
					"$(inherited)",
				);
				INFOPLIST_FILE = "thrift09HmacTests/thrift09HmacTests-Info.plist";
				PRODUCT_NAME = "$(TARGET_NAME)";
				WRAPPER_EXTENSION = xctest;
			};
			name = Debug;
		};
		DD7DB0DE18A1850800BED62D /* Release */ = {
			isa = XCBuildConfiguration;
			buildSettings = {
				ARCHS = "$(ARCHS_STANDARD_INCLUDING_64_BIT)";
				FRAMEWORK_SEARCH_PATHS = (
					"$(SDKROOT)/Developer/Library/Frameworks",
					"$(inherited)",
					"$(DEVELOPER_FRAMEWORKS_DIR)",
				);
				GCC_PRECOMPILE_PREFIX_HEADER = YES;
				GCC_PREFIX_HEADER = "thrift09Hmac/thrift09Hmac-Prefix.pch";
				INFOPLIST_FILE = "thrift09HmacTests/thrift09HmacTests-Info.plist";
				PRODUCT_NAME = "$(TARGET_NAME)";
				WRAPPER_EXTENSION = xctest;
			};
			name = Release;
		};
/* End XCBuildConfiguration section */

/* Begin XCConfigurationList section */
		DD7DB0B118A1850800BED62D /* Build configuration list for PBXProject "thrift09Hmac" */ = {
			isa = XCConfigurationList;
			buildConfigurations = (
				DD7DB0D718A1850800BED62D /* Debug */,
				DD7DB0D818A1850800BED62D /* Release */,
			);
			defaultConfigurationIsVisible = 0;
			defaultConfigurationName = Release;
		};
		DD7DB0D918A1850800BED62D /* Build configuration list for PBXNativeTarget "thrift09Hmac" */ = {
			isa = XCConfigurationList;
			buildConfigurations = (
				DD7DB0DA18A1850800BED62D /* Debug */,
				DD7DB0DB18A1850800BED62D /* Release */,
			);
			defaultConfigurationIsVisible = 0;
			defaultConfigurationName = Release;
		};
		DD7DB0DC18A1850800BED62D /* Build configuration list for PBXNativeTarget "thrift09HmacTests" */ = {
			isa = XCConfigurationList;
			buildConfigurations = (
				DD7DB0DD18A1850800BED62D /* Debug */,
				DD7DB0DE18A1850800BED62D /* Release */,
			);
			defaultConfigurationIsVisible = 0;
			defaultConfigurationName = Release;
		};
/* End XCConfigurationList section */
	};
	rootObject = DD7DB0AE18A1850800BED62D /* Project object */;
}
